// !$*UTF8*$!
{
	archiveVersion = 1;
	classes = {
	};
	objectVersion = 100;
	objects = {

/* Begin PBXBuildFile section */
		0A41EC802F7C0B8500AD776A /* Auth in Frameworks */ = {isa = PBXBuildFile; productRef = 0A41EC7F2F7C0B8500AD776A /* Auth */; };
		0A41EC822F7C0B8500AD776A /* Functions in Frameworks */ = {isa = PBXBuildFile; productRef = 0A41EC812F7C0B8500AD776A /* Functions */; };
		0A41EC842F7C0B8500AD776A /* PostgREST in Frameworks */ = {isa = PBXBuildFile; productRef = 0A41EC832F7C0B8500AD776A /* PostgREST */; };
		0A41EC862F7C0B8500AD776A /* Realtime in Frameworks */ = {isa = PBXBuildFile; productRef = 0A41EC852F7C0B8500AD776A /* Realtime */; };
		0A41EC882F7C0B8500AD776A /* Storage in Frameworks */ = {isa = PBXBuildFile; productRef = 0A41EC872F7C0B8500AD776A /* Storage */; };
		0A41EC8A2F7C0B8500AD776A /* Supabase in Frameworks */ = {isa = PBXBuildFile; productRef = 0A41EC892F7C0B8500AD776A /* Supabase */; };
		0A41ECB02F7C856800AD776A /* Crypto in Frameworks */ = {isa = PBXBuildFile; productRef = 0A41ECAF2F7C856800AD776A /* Crypto */; };
		0A41ECB22F7C856800AD776A /* CryptoExtras in Frameworks */ = {isa = PBXBuildFile; productRef = 0A41ECB12F7C856800AD776A /* CryptoExtras */; };
		0A41ECB42F7C856800AD776A /* _CryptoExtras in Frameworks */ = {isa = PBXBuildFile; productRef = 0A41ECB32F7C856800AD776A /* _CryptoExtras */; };
		0A6970C22F5EEF090027641E /* SQLiteNIO in Frameworks */ = {isa = PBXBuildFile; productRef = 0A6970C12F5EEF090027641E /* SQLiteNIO */; };
		0A6970C52F5EEF5E0027641E /* PostgresKit in Frameworks */ = {isa = PBXBuildFile; productRef = 0A6970C42F5EEF5E0027641E /* PostgresKit */; };
		0A6970CA2F5EEFA40027641E /* SQLServerKit in Frameworks */ = {isa = PBXBuildFile; productRef = 0A6970C92F5EEFA40027641E /* SQLServerKit */; };
		0A697AEE2F5EF8220027641E /* EchoSense in Frameworks */ = {isa = PBXBuildFile; productRef = 0A697AED2F5EF8220027641E /* EchoSense */; };
		ELB001000000000000000001 /* CLibpq in Frameworks */ = {isa = PBXBuildFile; productRef = ELB002000000000000000001 /* CLibpq */; };
		0A698A422F5F88AA0027641E /* Sparkle in Frameworks */ = {isa = PBXBuildFile; productRef = 0A698A412F5F88AA0027641E /* Sparkle */; };
		0A79557E2E8F10A9002279AE /* MySQLKit in Frameworks */ = {isa = PBXBuildFile; productRef = 0A79557D2E8F10A9002279AE /* MySQLKit */; };
		0AAD000300000000000000AD /* ActiveDirectory in Frameworks */ = {isa = PBXBuildFile; productRef = 0AAD000200000000000000AD /* ActiveDirectory */; };
		0ADE5D00000000000000A003 /* EchoDesignSystem in Frameworks */ = {isa = PBXBuildFile; productRef = 0ADE5D00000000000000A002 /* EchoDesignSystem */; };
		EA74938A42BEA42306934B73 /* ServerLabClient in Frameworks */ = {isa = PBXBuildFile; productRef = FD3382FC2CB7A2B3917A4282 /* ServerLabClient */; };
		PGT001000000000000000001 /* pg_dump in Copy PostgresTools */ = {isa = PBXBuildFile; fileRef = PGT002000000000000000001 /* pg_dump */; settings = {ATTRIBUTES = (CodeSignOnCopy, ); }; };
		PGT001000000000000000002 /* pg_restore in Copy PostgresTools */ = {isa = PBXBuildFile; fileRef = PGT002000000000000000002 /* pg_restore */; settings = {ATTRIBUTES = (CodeSignOnCopy, ); }; };
		PGT00100000000000000000E /* pg_dumpall in Copy PostgresTools */ = {isa = PBXBuildFile; fileRef = PGT00200000000000000000E /* pg_dumpall */; settings = {ATTRIBUTES = (CodeSignOnCopy, ); }; };
		PGT00100000000000000000F /* psql in Copy PostgresTools */ = {isa = PBXBuildFile; fileRef = PGT00200000000000000000F /* psql */; settings = {ATTRIBUTES = (CodeSignOnCopy, ); }; };
/* End PBXBuildFile section */

/* Begin PBXContainerItemProxy section */
		0152D0D7AF344C4F90240CAB /* PBXContainerItemProxy */ = {
			isa = PBXContainerItemProxy;
			containerPortal = 0ADF948D2E78B95200E993F8 /* Project object */;
			proxyType = 1;
			remoteGlobalIDString = 0ADF94942E78B95200E993F8;
			remoteInfo = Echo;
		};
		279009266F8B45C8AC72014A /* PBXContainerItemProxy */ = {
			isa = PBXContainerItemProxy;
			containerPortal = 0ADF948D2E78B95200E993F8 /* Project object */;
			proxyType = 1;
			remoteGlobalIDString = 0ADF94942E78B95200E993F8;
			remoteInfo = Echo;
		};
/* End PBXContainerItemProxy section */

/* Begin PBXCopyFilesBuildPhase section */
		PGT003000000000000000001 /* Copy PostgresTools */ = {
			isa = PBXCopyFilesBuildPhase;
			dstPath = PostgresTools;
			dstSubfolder = SharedSupport;
			files = (
				PGT001000000000000000001 /* pg_dump in Copy PostgresTools */,
				PGT001000000000000000002 /* pg_restore in Copy PostgresTools */,
				PGT00100000000000000000E /* pg_dumpall in Copy PostgresTools */,
				PGT00100000000000000000F /* psql in Copy PostgresTools */,
			);
			name = "Copy PostgresTools";
		};
/* End PBXCopyFilesBuildPhase section */

/* Begin PBXFileReference section */
		0A79556F2E8EB81C002279AE /* EchoUITests.xctestplan */ = {isa = PBXFileReference; lastKnownFileType = text; path = EchoUITests.xctestplan; sourceTree = "<group>"; };
		0A7955702E8EF321002279AE /* EchoTests.xctestplan */ = {isa = PBXFileReference; lastKnownFileType = text; path = EchoTests.xctestplan; sourceTree = "<group>"; };
		0ADF94952E78B95200E993F8 /* Echo.app */ = {isa = PBXFileReference; explicitFileType = wrapper.application; includeInIndex = 0; path = Echo.app; sourceTree = BUILT_PRODUCTS_DIR; };
		44D226344BD64F6B8A29593F /* EchoUITests.xctest */ = {isa = PBXFileReference; explicitFileType = wrapper.cfbundle; includeInIndex = 0; path = EchoUITests.xctest; sourceTree = BUILT_PRODUCTS_DIR; };
		C7719E187414448D93AD6120 /* EchoTests.xctest */ = {isa = PBXFileReference; explicitFileType = wrapper.cfbundle; includeInIndex = 0; path = EchoTests.xctest; sourceTree = BUILT_PRODUCTS_DIR; };
		PGT002000000000000000001 /* pg_dump */ = {isa = PBXFileReference; lastKnownFileType = "compiled.mach-o.executable"; name = pg_dump; path = Tools/PostgresTools/pg_dump; sourceTree = "<group>"; };
		PGT002000000000000000002 /* pg_restore */ = {isa = PBXFileReference; lastKnownFileType = "compiled.mach-o.executable"; name = pg_restore; path = Tools/PostgresTools/pg_restore; sourceTree = "<group>"; };
		PGT00200000000000000000E /* pg_dumpall */ = {isa = PBXFileReference; lastKnownFileType = "compiled.mach-o.executable"; name = pg_dumpall; path = Tools/PostgresTools/pg_dumpall; sourceTree = "<group>"; };
		PGT00200000000000000000F /* psql */ = {isa = PBXFileReference; lastKnownFileType = "compiled.mach-o.executable"; name = psql; path = Tools/PostgresTools/psql; sourceTree = "<group>"; };
/* End PBXFileReference section */

/* Begin PBXFileSystemSynchronizedBuildFileExceptionSet section */
		0AD219FA2F7BF4D2007CC30F /* Exceptions for "Echo" folder in "Echo" target */ = {
			isa = PBXFileSystemSynchronizedBuildFileExceptionSet;
			membershipExceptions = (
				Configuration/Secrets.xcconfig,
				Info.plist,
			);
			target = 0ADF94942E78B95200E993F8 /* Echo */;
		};
/* End PBXFileSystemSynchronizedBuildFileExceptionSet section */

/* Begin PBXFileSystemSynchronizedRootGroup section */
		0ADF94972E78B95200E993F8 /* Echo */ = {
			isa = PBXFileSystemSynchronizedRootGroup;
			exceptions = (
				0AD219FA2F7BF4D2007CC30F /* Exceptions for "Echo" folder in "Echo" target */,
			);
			path = Echo;
			sourceTree = "<group>";
		};
		A136718CC82746DC8CBC84F8 /* EchoTests */ = {
			isa = PBXFileSystemSynchronizedRootGroup;
			path = EchoTests;
			sourceTree = "<group>";
		};
		BE16104276AD4F81B99B7950 /* EchoUITests */ = {
			isa = PBXFileSystemSynchronizedRootGroup;
			path = EchoUITests;
			sourceTree = "<group>";
		};
/* End PBXFileSystemSynchronizedRootGroup section */

/* Begin PBXFrameworksBuildPhase section */
		0ADF94922E78B95200E993F8 /* Frameworks */ = {
			isa = PBXFrameworksBuildPhase;
			files = (
				0A41ECB02F7C856800AD776A /* Crypto in Frameworks */,
				0A41EC8A2F7C0B8500AD776A /* Supabase in Frameworks */,
				0A41EC822F7C0B8500AD776A /* Functions in Frameworks */,
				0A6970C52F5EEF5E0027641E /* PostgresKit in Frameworks */,
				0A41ECB22F7C856800AD776A /* CryptoExtras in Frameworks */,
				0A41EC862F7C0B8500AD776A /* Realtime in Frameworks */,
				0A41EC802F7C0B8500AD776A /* Auth in Frameworks */,
				0A79557E2E8F10A9002279AE /* MySQLKit in Frameworks */,
				0A41EC842F7C0B8500AD776A /* PostgREST in Frameworks */,
				0A697AEE2F5EF8220027641E /* EchoSense in Frameworks */,
				ELB001000000000000000001 /* CLibpq in Frameworks */,
				0ADE5D00000000000000A003 /* EchoDesignSystem in Frameworks */,
				0A41EC882F7C0B8500AD776A /* Storage in Frameworks */,
				0A6970CA2F5EEFA40027641E /* SQLServerKit in Frameworks */,
				0AAD000300000000000000AD /* ActiveDirectory in Frameworks */,
				0A41ECB42F7C856800AD776A /* _CryptoExtras in Frameworks */,
				0A698A422F5F88AA0027641E /* Sparkle in Frameworks */,
				0A6970C22F5EEF090027641E /* SQLiteNIO in Frameworks */,
			);
		};
		DE04F48262B74FC9BC6625CF /* Frameworks */ = {
			isa = PBXFrameworksBuildPhase;
			files = (
			);
		};
		F6F7A37EFD91485785DAD8E5 /* Frameworks */ = {
			isa = PBXFrameworksBuildPhase;
			files = (
				EA74938A42BEA42306934B73 /* ServerLabClient in Frameworks */,
			);
		};
/* End PBXFrameworksBuildPhase section */

/* Begin PBXGroup section */
		0A7967712E8FC887002279AE /* Frameworks */ = {
			isa = PBXGroup;
			children = (
			);
			name = Frameworks;
			sourceTree = "<group>";
		};
		0A946E5E2F63124D009635C0 /* Recovered References */ = {
			isa = PBXGroup;
			children = (
			);
			name = "Recovered References";
			sourceTree = "<group>";
		};
		0ADF948C2E78B95200E993F8 = {
			isa = PBXGroup;
			children = (
				0A7955702E8EF321002279AE /* EchoTests.xctestplan */,
				0A79556F2E8EB81C002279AE /* EchoUITests.xctestplan */,
				0ADF94972E78B95200E993F8 /* Echo */,
				A136718CC82746DC8CBC84F8 /* EchoTests */,
				BE16104276AD4F81B99B7950 /* EchoUITests */,
				PGT004000000000000000001 /* PostgresTools */,
				0A7967712E8FC887002279AE /* Frameworks */,
				0ADF94962E78B95200E993F8 /* Products */,
				0A946E5E2F63124D009635C0 /* Recovered References */,
			);
			sourceTree = "<group>";
		};
		0ADF94962E78B95200E993F8 /* Products */ = {
			isa = PBXGroup;
			children = (
				0ADF94952E78B95200E993F8 /* Echo.app */,
				C7719E187414448D93AD6120 /* EchoTests.xctest */,
				44D226344BD64F6B8A29593F /* EchoUITests.xctest */,
			);
			name = Products;
			sourceTree = "<group>";
		};
		PGT004000000000000000001 /* PostgresTools */ = {
			isa = PBXGroup;
			children = (
				PGT002000000000000000001 /* pg_dump */,
				PGT002000000000000000002 /* pg_restore */,
				PGT00200000000000000000E /* pg_dumpall */,
				PGT00200000000000000000F /* psql */,
			);
			name = PostgresTools;
			sourceTree = "<group>";
		};
/* End PBXGroup section */

/* Begin PBXNativeTarget section */
		0ADF94942E78B95200E993F8 /* Echo */ = {
			isa = PBXNativeTarget;
			buildConfigurationList = 0ADF94A02E78B95300E993F8 /* Build configuration list for PBXNativeTarget "Echo" */;
			buildPhases = (
				0ADF94912E78B95200E993F8 /* Sources */,
				0ADF94922E78B95200E993F8 /* Frameworks */,
				PGT003000000000000000001 /* Copy PostgresTools */,
				0ADF94932E78B95200E993F8 /* Resources */,
			);
			buildRules = (
			);
			fileSystemSynchronizedGroups = (
				0ADF94972E78B95200E993F8 /* Echo */,
			);
			name = Echo;
			packageProductDependencies = (
				0A79557D2E8F10A9002279AE /* MySQLKit */,
				0A6970C12F5EEF090027641E /* SQLiteNIO */,
				0A6970C42F5EEF5E0027641E /* PostgresKit */,
				0A6970C92F5EEFA40027641E /* SQLServerKit */,
				0A697AED2F5EF8220027641E /* EchoSense */,
				ELB002000000000000000001 /* CLibpq */,
				0ADE5D00000000000000A002 /* EchoDesignSystem */,
				0AAD000200000000000000AD /* ActiveDirectory */,
				0A698A412F5F88AA0027641E /* Sparkle */,
				0A41EC7F2F7C0B8500AD776A /* Auth */,
				0A41EC812F7C0B8500AD776A /* Functions */,
				0A41EC832F7C0B8500AD776A /* PostgREST */,
				0A41EC852F7C0B8500AD776A /* Realtime */,
				0A41EC872F7C0B8500AD776A /* Storage */,
				0A41EC892F7C0B8500AD776A /* Supabase */,
				0A41ECAF2F7C856800AD776A /* Crypto */,
				0A41ECB12F7C856800AD776A /* CryptoExtras */,
				0A41ECB32F7C856800AD776A /* _CryptoExtras */,
			);
			productName = Echo;
			productReference = 0ADF94952E78B95200E993F8 /* Echo.app */;
			productType = "com.apple.product-type.application";
		};
		19D47C73D0D3464ABF899392 /* EchoUITests */ = {
			isa = PBXNativeTarget;
			buildConfigurationList = E3EA64053AF34068A3DB9DB6 /* Build configuration list for PBXNativeTarget "EchoUITests" */;
			buildPhases = (
				43ACEFFAAF3A4E2FBBE4DF9B /* Sources */,
				DE04F48262B74FC9BC6625CF /* Frameworks */,
				9FBBE71C12924DC48DD62C48 /* Resources */,
			);
			buildRules = (
			);
			dependencies = (
				C508E9DC087A4F4F8949D46E /* PBXTargetDependency */,
			);
			fileSystemSynchronizedGroups = (
				BE16104276AD4F81B99B7950 /* EchoUITests */,
			);
			name = EchoUITests;
			productName = EchoUITests;
			productReference = 44D226344BD64F6B8A29593F /* EchoUITests.xctest */;
			productType = "com.apple.product-type.bundle.ui-testing";
		};
		385E60BACCBA4F1A95FC14AF /* EchoTests */ = {
			isa = PBXNativeTarget;
			buildConfigurationList = 95F7A9BBC0144F06BDC223E4 /* Build configuration list for PBXNativeTarget "EchoTests" */;
			buildPhases = (
				2DB2876243AE4D29B3565EB8 /* Sources */,
				F6F7A37EFD91485785DAD8E5 /* Frameworks */,
				91683D911D894DDB8D098EE9 /* Resources */,
			);
			buildRules = (
			);
			dependencies = (
				EB0544CC6EA5424480E0E2FF /* PBXTargetDependency */,
			);
			fileSystemSynchronizedGroups = (
				A136718CC82746DC8CBC84F8 /* EchoTests */,
			);
			name = EchoTests;
			packageProductDependencies = (
				FD3382FC2CB7A2B3917A4282 /* ServerLabClient */,
			);
			productName = EchoTests;
			productReference = C7719E187414448D93AD6120 /* EchoTests.xctest */;
			productType = "com.apple.product-type.bundle.unit-test";
		};
/* End PBXNativeTarget section */

/* Begin PBXProject section */
		0ADF948D2E78B95200E993F8 /* Project object */ = {
			isa = PBXProject;
			attributes = {
				BuildIndependentTargetsInParallel = 1;
				LastSwiftUpdateCheck = 2600;
				LastUpgradeCheck = 2700;
				TargetAttributes = {
					0ADF94942E78B95200E993F8 = {
						CreatedOnToolsVersion = 26.0;
					};
					19D47C73D0D3464ABF899392 = {
						CreatedOnToolsVersion = 26.0;
						TestTargetID = 0ADF94942E78B95200E993F8;
					};
					385E60BACCBA4F1A95FC14AF = {
						CreatedOnToolsVersion = 26.0;
						TestTargetID = 0ADF94942E78B95200E993F8;
					};
				};
			};
			buildConfigurationList = 0ADF94902E78B95200E993F8 /* Build configuration list for PBXProject "Echo" */;
			developmentRegion = en;
			hasScannedForEncodings = 0;
			knownRegions = (
				en,
				Base,
			);
			mainGroup = 0ADF948C2E78B95200E993F8;
			minimizedProjectReferenceProxies = 1;
			packageReferences = (
				0A79557C2E8F10A9002279AE /* XCRemoteSwiftPackageReference "echo-mysql" */,
				0A6970C02F5EEF090027641E /* XCRemoteSwiftPackageReference "sqlite-nio" */,
				0A6970C32F5EEF5E0027641E /* XCRemoteSwiftPackageReference "echo-postgres" */,
				0A6970C82F5EEFA40027641E /* XCRemoteSwiftPackageReference "echo-sqlserver" */,
				0A697AEC2F5EF8220027641E /* XCRemoteSwiftPackageReference "echo-sense" */,
				ELB003000000000000000001 /* XCRemoteSwiftPackageReference "echo-libraries" */,
				0ADE5D00000000000000A001 /* XCLocalSwiftPackageReference "Packages/EchoDesignSystem" */,
				0AAD000100000000000000AD /* XCRemoteSwiftPackageReference "swift-active-directory" */,
				0A698A402F5F88AA0027641E /* XCRemoteSwiftPackageReference "Sparkle" */,
				0A41EC7E2F7C0B8500AD776A /* XCRemoteSwiftPackageReference "supabase-swift" */,
				0A41ECAE2F7C856800AD776A /* XCRemoteSwiftPackageReference "swift-crypto" */,
				B396C6AF5D5149A2119B63A3 /* XCRemoteSwiftPackageReference "echo-server-lab" */,
			);
			preferredProjectObjectVersion = 100;
			productRefGroup = 0ADF94962E78B95200E993F8 /* Products */;
			projectDirPath = "";
			projectRoot = "";
			targets = (
				0ADF94942E78B95200E993F8 /* Echo */,
				385E60BACCBA4F1A95FC14AF /* EchoTests */,
				19D47C73D0D3464ABF899392 /* EchoUITests */,
			);
		};
/* End PBXProject section */

/* Begin PBXResourcesBuildPhase section */
		0ADF94932E78B95200E993F8 /* Resources */ = {
			isa = PBXResourcesBuildPhase;
			files = (
			);
		};
		91683D911D894DDB8D098EE9 /* Resources */ = {
			isa = PBXResourcesBuildPhase;
			files = (
			);
		};
		9FBBE71C12924DC48DD62C48 /* Resources */ = {
			isa = PBXResourcesBuildPhase;
			files = (
			);
		};
/* End PBXResourcesBuildPhase section */

/* Begin PBXSourcesBuildPhase section */
		0ADF94912E78B95200E993F8 /* Sources */ = {
			isa = PBXSourcesBuildPhase;
			files = (
			);
		};
		2DB2876243AE4D29B3565EB8 /* Sources */ = {
			isa = PBXSourcesBuildPhase;
			files = (
			);
		};
		43ACEFFAAF3A4E2FBBE4DF9B /* Sources */ = {
			isa = PBXSourcesBuildPhase;
			files = (
			);
		};
/* End PBXSourcesBuildPhase section */

/* Begin PBXTargetDependency section */
		C508E9DC087A4F4F8949D46E /* PBXTargetDependency */ = {
			isa = PBXTargetDependency;
			target = 0ADF94942E78B95200E993F8 /* Echo */;
			targetProxy = 279009266F8B45C8AC72014A /* PBXContainerItemProxy */;
		};
		EB0544CC6EA5424480E0E2FF /* PBXTargetDependency */ = {
			isa = PBXTargetDependency;
			target = 0ADF94942E78B95200E993F8 /* Echo */;
			targetProxy = 0152D0D7AF344C4F90240CAB /* PBXContainerItemProxy */;
		};
/* End PBXTargetDependency section */

/* Begin XCBuildConfiguration section */
		0ADF949E2E78B95300E993F8 /* Debug configuration for PBXProject "Echo" */ = {
			isa = XCBuildConfiguration;
			baseConfigurationReferenceAnchor = 0ADF94972E78B95200E993F8 /* Echo */;
			baseConfigurationReferenceRelativePath = Configuration/Secrets.xcconfig;
			buildSettings = {
				ALWAYS_SEARCH_USER_PATHS = NO;
				ASSETCATALOG_COMPILER_GENERATE_SWIFT_ASSET_SYMBOL_EXTENSIONS = YES;
				CLANG_ANALYZER_NONNULL = YES;
				CLANG_ANALYZER_NUMBER_OBJECT_CONVERSION = YES_AGGRESSIVE;
				CLANG_CXX_LANGUAGE_STANDARD = "gnu++20";
				CLANG_ENABLE_MODULES = YES;
				CLANG_ENABLE_OBJC_ARC = YES;
				CLANG_ENABLE_OBJC_WEAK = YES;
				CLANG_WARN_BLOCK_CAPTURE_AUTORELEASING = YES;
				CLANG_WARN_BOOL_CONVERSION = YES;
				CLANG_WARN_COMMA = YES;
				CLANG_WARN_CONSTANT_CONVERSION = YES;
				CLANG_WARN_DEPRECATED_OBJC_IMPLEMENTATIONS = YES;
				CLANG_WARN_DIRECT_OBJC_ISA_USAGE = YES_ERROR;
				CLANG_WARN_DOCUMENTATION_COMMENTS = YES;
				CLANG_WARN_EMPTY_BODY = YES;
				CLANG_WARN_ENUM_CONVERSION = YES;
				CLANG_WARN_INFINITE_RECURSION = YES;
				CLANG_WARN_INT_CONVERSION = YES;
				CLANG_WARN_NON_LITERAL_NULL_CONVERSION = YES;
				CLANG_WARN_OBJC_IMPLICIT_RETAIN_SELF = YES;
				CLANG_WARN_OBJC_LITERAL_CONVERSION = YES;
				CLANG_WARN_OBJC_ROOT_CLASS = YES_ERROR;
				CLANG_WARN_QUOTED_INCLUDE_IN_FRAMEWORK_HEADER = YES;
				CLANG_WARN_RANGE_LOOP_ANALYSIS = YES;
				CLANG_WARN_STRICT_PROTOTYPES = YES;
				CLANG_WARN_SUSPICIOUS_MOVE = YES;
				CLANG_WARN_UNGUARDED_AVAILABILITY = YES_AGGRESSIVE;
				CLANG_WARN_UNREACHABLE_CODE = YES;
				CLANG_WARN__DUPLICATE_METHOD_MATCH = YES;
				COPY_PHASE_STRIP = NO;
				DEAD_CODE_STRIPPING = YES;
				DEBUG_INFORMATION_FORMAT = dwarf;
				DEVELOPMENT_TEAM = JQU2HR44D8;
				ENABLE_STRICT_OBJC_MSGSEND = YES;
				ENABLE_TESTABILITY = YES;
				ENABLE_USER_SCRIPT_SANDBOXING = YES;
				GCC_C_LANGUAGE_STANDARD = gnu17;
				GCC_DYNAMIC_NO_PIC = NO;
				GCC_NO_COMMON_BLOCKS = YES;
				GCC_OPTIMIZATION_LEVEL = 0;
				GCC_PREPROCESSOR_DEFINITIONS = (
					"DEBUG=1",
					"$(inherited)",
				);
				GCC_WARN_64_TO_32_BIT_CONVERSION = YES;
				GCC_WARN_ABOUT_RETURN_TYPE = YES_ERROR;
				GCC_WARN_UNDECLARED_SELECTOR = YES;
				GCC_WARN_UNINITIALIZED_AUTOS = YES_AGGRESSIVE;
				GCC_WARN_UNUSED_FUNCTION = YES;
				GCC_WARN_UNUSED_VARIABLE = YES;
				LOCALIZATION_PREFERS_STRING_CATALOGS = YES;
				MACOSX_DEPLOYMENT_TARGET = 26.0;
				MTL_ENABLE_DEBUG_INFO = INCLUDE_SOURCE;
				MTL_FAST_MATH = YES;
				ONLY_ACTIVE_ARCH = YES;
				SDKROOT = macosx;
				STRING_CATALOG_GENERATE_SYMBOLS = YES;
				SWIFT_ACTIVE_COMPILATION_CONDITIONS = "DEBUG $(inherited)";
				SWIFT_OPTIMIZATION_LEVEL = "-Onone";
				SWIFT_VERSION = 6.0;
			};
			name = Debug;
		};
		0ADF949F2E78B95300E993F8 /* Release configuration for PBXProject "Echo" */ = {
			isa = XCBuildConfiguration;
			baseConfigurationReferenceAnchor = 0ADF94972E78B95200E993F8 /* Echo */;
			baseConfigurationReferenceRelativePath = Configuration/Secrets.xcconfig;
			buildSettings = {
				ALWAYS_SEARCH_USER_PATHS = NO;
				ASSETCATALOG_COMPILER_GENERATE_SWIFT_ASSET_SYMBOL_EXTENSIONS = YES;
				CLANG_ANALYZER_NONNULL = YES;
				CLANG_ANALYZER_NUMBER_OBJECT_CONVERSION = YES_AGGRESSIVE;
				CLANG_CXX_LANGUAGE_STANDARD = "gnu++20";
				CLANG_ENABLE_MODULES = YES;
				CLANG_ENABLE_OBJC_ARC = YES;
				CLANG_ENABLE_OBJC_WEAK = YES;
				CLANG_WARN_BLOCK_CAPTURE_AUTORELEASING = YES;
				CLANG_WARN_BOOL_CONVERSION = YES;
				CLANG_WARN_COMMA = YES;
				CLANG_WARN_CONSTANT_CONVERSION = YES;
				CLANG_WARN_DEPRECATED_OBJC_IMPLEMENTATIONS = YES;
				CLANG_WARN_DIRECT_OBJC_ISA_USAGE = YES_ERROR;
				CLANG_WARN_DOCUMENTATION_COMMENTS = YES;
				CLANG_WARN_EMPTY_BODY = YES;
				CLANG_WARN_ENUM_CONVERSION = YES;
				CLANG_WARN_INFINITE_RECURSION = YES;
				CLANG_WARN_INT_CONVERSION = YES;
				CLANG_WARN_NON_LITERAL_NULL_CONVERSION = YES;
				CLANG_WARN_OBJC_IMPLICIT_RETAIN_SELF = YES;
				CLANG_WARN_OBJC_LITERAL_CONVERSION = YES;
				CLANG_WARN_OBJC_ROOT_CLASS = YES_ERROR;
				CLANG_WARN_QUOTED_INCLUDE_IN_FRAMEWORK_HEADER = YES;
				CLANG_WARN_RANGE_LOOP_ANALYSIS = YES;
				CLANG_WARN_STRICT_PROTOTYPES = YES;
				CLANG_WARN_SUSPICIOUS_MOVE = YES;
				CLANG_WARN_UNGUARDED_AVAILABILITY = YES_AGGRESSIVE;
				CLANG_WARN_UNREACHABLE_CODE = YES;
				CLANG_WARN__DUPLICATE_METHOD_MATCH = YES;
				COPY_PHASE_STRIP = NO;
				DEAD_CODE_STRIPPING = YES;
				DEBUG_INFORMATION_FORMAT = "dwarf-with-dsym";
				DEVELOPMENT_TEAM = JQU2HR44D8;
				ENABLE_NS_ASSERTIONS = NO;
				ENABLE_STRICT_OBJC_MSGSEND = YES;
				ENABLE_USER_SCRIPT_SANDBOXING = YES;
				GCC_C_LANGUAGE_STANDARD = gnu17;
				GCC_NO_COMMON_BLOCKS = YES;
				GCC_WARN_64_TO_32_BIT_CONVERSION = YES;
				GCC_WARN_ABOUT_RETURN_TYPE = YES_ERROR;
				GCC_WARN_UNDECLARED_SELECTOR = YES;
				GCC_WARN_UNINITIALIZED_AUTOS = YES_AGGRESSIVE;
				GCC_WARN_UNUSED_FUNCTION = YES;
				GCC_WARN_UNUSED_VARIABLE = YES;
				LOCALIZATION_PREFERS_STRING_CATALOGS = YES;
				MACOSX_DEPLOYMENT_TARGET = 26.0;
				MTL_ENABLE_DEBUG_INFO = NO;
				MTL_FAST_MATH = YES;
				SDKROOT = macosx;
				STRING_CATALOG_GENERATE_SYMBOLS = YES;
				SWIFT_COMPILATION_MODE = wholemodule;
				SWIFT_VERSION = 6.0;
			};
			name = Release;
		};
		0ADF94A12E78B95300E993F8 /* Debug configuration for PBXNativeTarget "Echo" */ = {
			isa = XCBuildConfiguration;
			baseConfigurationReferenceAnchor = 0ADF94972E78B95200E993F8 /* Echo */;
			baseConfigurationReferenceRelativePath = Configuration/Secrets.xcconfig;
			buildSettings = {
				ASSETCATALOG_COMPILER_APPICON_NAME = AppIcon;
				ASSETCATALOG_COMPILER_GLOBAL_ACCENT_COLOR_NAME = AccentColor;
				ASSETCATALOG_COMPILER_INCLUDE_ALL_APPICON_ASSETS = YES;
				CODE_SIGN_ENTITLEMENTS = Echo/EchoDebug.entitlements;
				CODE_SIGN_IDENTITY = "Apple Development";
				CODE_SIGN_STYLE = Automatic;
				COMBINE_HIDPI_IMAGES = YES;
				CURRENT_PROJECT_VERSION = 2;
				DEAD_CODE_STRIPPING = YES;
				DEVELOPMENT_TEAM = JQU2HR44D8;
				ENABLE_APP_SANDBOX = NO;
				ENABLE_HARDENED_RUNTIME = YES;
				ENABLE_OUTGOING_NETWORK_CONNECTIONS = YES;
				ENABLE_PREVIEWS = YES;
				ENABLE_USER_SELECTED_FILES = readwrite;
				GENERATE_INFOPLIST_FILE = YES;
				INFOPLIST_FILE = Echo/Info.plist;
				INFOPLIST_KEY_NSHumanReadableCopyright = "";
				INFOPLIST_KEY_SUEnableInstallerLauncherService = YES;
				INFOPLIST_KEY_SUFeedURL = "https://raw.githubusercontent.com/tashda/Echo/main/appcast.xml";
				INFOPLIST_KEY_SUPublicEDKey = "hf49zQ5XeqfHyc6k9tMUci3nWSJGrBmkKMeXQ1F2vqk=";
				LD_RUNPATH_SEARCH_PATHS = (
					"$(inherited)",
					"@executable_path/../Frameworks",
				);
				LIBRARY_SEARCH_PATHS = "$(inherited)";
				MARKETING_VERSION = 1.0;
				PRODUCT_BUNDLE_IDENTIFIER = dev.echodb.echo;
				PRODUCT_NAME = "$(TARGET_NAME)";
				PROVISIONING_PROFILE_SPECIFIER = "";
				REGISTER_APP_GROUPS = YES;
				SDKROOT = macosx;
				STRING_CATALOG_GENERATE_SYMBOLS = YES;
				SUPPORTED_PLATFORMS = macosx;
				SUPPORTS_MACCATALYST = NO;
				SWIFT_APPROACHABLE_CONCURRENCY = YES;
				SWIFT_DEFAULT_ACTOR_ISOLATION = nonisolated;
				SWIFT_EMIT_LOC_STRINGS = YES;
				SWIFT_UPCOMING_FEATURE_MEMBER_IMPORT_VISIBILITY = YES;
				SWIFT_VERSION = 6.0;
			};
			name = Debug;
		};
		0ADF94A22E78B95300E993F8 /* Release configuration for PBXNativeTarget "Echo" */ = {
			isa = XCBuildConfiguration;
			baseConfigurationReferenceAnchor = 0ADF94972E78B95200E993F8 /* Echo */;
			baseConfigurationReferenceRelativePath = Configuration/Secrets.xcconfig;
			buildSettings = {
				ASSETCATALOG_COMPILER_APPICON_NAME = AppIcon;
				ASSETCATALOG_COMPILER_GLOBAL_ACCENT_COLOR_NAME = AccentColor;
				ASSETCATALOG_COMPILER_INCLUDE_ALL_APPICON_ASSETS = YES;
				CODE_SIGN_ENTITLEMENTS = Echo/EchoRelease.entitlements;
				"CODE_SIGN_IDENTITY[sdk=macosx*]" = "Apple Development";
				CODE_SIGN_STYLE = Automatic;
				COMBINE_HIDPI_IMAGES = YES;
				CURRENT_PROJECT_VERSION = 2;
				DEAD_CODE_STRIPPING = YES;
				DEVELOPMENT_TEAM = JQU2HR44D8;
				ENABLE_APP_SANDBOX = NO;
				ENABLE_HARDENED_RUNTIME = YES;
				ENABLE_OUTGOING_NETWORK_CONNECTIONS = YES;
				ENABLE_PREVIEWS = YES;
				ENABLE_USER_SELECTED_FILES = readwrite;
				GENERATE_INFOPLIST_FILE = YES;
				INFOPLIST_FILE = Echo/Info.plist;
				INFOPLIST_KEY_NSHumanReadableCopyright = "";
				INFOPLIST_KEY_SUEnableInstallerLauncherService = YES;
				INFOPLIST_KEY_SUFeedURL = "https://raw.githubusercontent.com/tashda/Echo/main/appcast.xml";
				INFOPLIST_KEY_SUPublicEDKey = "hf49zQ5XeqfHyc6k9tMUci3nWSJGrBmkKMeXQ1F2vqk=";
				LD_RUNPATH_SEARCH_PATHS = (
					"$(inherited)",
					"@executable_path/../Frameworks",
				);
				LIBRARY_SEARCH_PATHS = "$(inherited)";
				MARKETING_VERSION = 1.0;
				PRODUCT_BUNDLE_IDENTIFIER = dev.echodb.echo;
				PRODUCT_NAME = "$(TARGET_NAME)";
				REGISTER_APP_GROUPS = YES;
				SDKROOT = macosx;
				STRING_CATALOG_GENERATE_SYMBOLS = YES;
				SUPPORTED_PLATFORMS = macosx;
				SUPPORTS_MACCATALYST = NO;
				SWIFT_APPROACHABLE_CONCURRENCY = YES;
				SWIFT_DEFAULT_ACTOR_ISOLATION = nonisolated;
				SWIFT_EMIT_LOC_STRINGS = YES;
				SWIFT_UPCOMING_FEATURE_MEMBER_IMPORT_VISIBILITY = YES;
				SWIFT_VERSION = 6.0;
			};
			name = Release;
		};
		1BC3C63337E74F2C8B7E582C /* Release configuration for PBXNativeTarget "EchoTests" */ = {
			isa = XCBuildConfiguration;
			baseConfigurationReferenceAnchor = 0ADF94972E78B95200E993F8 /* Echo */;
			baseConfigurationReferenceRelativePath = Configuration/Secrets.xcconfig;
			buildSettings = {
				BUNDLE_LOADER = "$(TEST_HOST)";
				CODE_SIGN_STYLE = Automatic;
				CURRENT_PROJECT_VERSION = 2;
				DEAD_CODE_STRIPPING = YES;
				DEVELOPMENT_TEAM = JQU2HR44D8;
				GENERATE_INFOPLIST_FILE = YES;
				LD_RUNPATH_SEARCH_PATHS = (
					"$(inherited)",
					"@executable_path/../Frameworks",
					"@loader_path/../Frameworks",
				);
				MACOSX_DEPLOYMENT_TARGET = 26.0;
				MARKETING_VERSION = 1.0;
				PRODUCT_BUNDLE_IDENTIFIER = dev.echodb.echoTests;
				PRODUCT_NAME = "$(TARGET_NAME)";
				SUPPORTED_PLATFORMS = macosx;
				SUPPORTS_MACCATALYST = NO;
				SWIFT_VERSION = 6.0;
				TEST_HOST = "$(BUILT_PRODUCTS_DIR)/Echo.app/Contents/MacOS/Echo";
			};
			name = Release;
		};
		5D6CF13DFE6449D7811660D9 /* Release configuration for PBXNativeTarget "EchoUITests" */ = {
			isa = XCBuildConfiguration;
			baseConfigurationReferenceAnchor = 0ADF94972E78B95200E993F8 /* Echo */;
			baseConfigurationReferenceRelativePath = Configuration/Secrets.xcconfig;
			buildSettings = {
				CODE_SIGN_STYLE = Automatic;
				CURRENT_PROJECT_VERSION = 2;
				DEAD_CODE_STRIPPING = YES;
				DEVELOPMENT_TEAM = JQU2HR44D8;
				GENERATE_INFOPLIST_FILE = YES;
				LD_RUNPATH_SEARCH_PATHS = (
					"$(inherited)",
					"@executable_path/../Frameworks",
				);
				MACOSX_DEPLOYMENT_TARGET = 26.0;
				MARKETING_VERSION = 1.0;
				PRODUCT_BUNDLE_IDENTIFIER = dev.echodb.echoUITests;
				PRODUCT_NAME = "$(TARGET_NAME)";
				SUPPORTED_PLATFORMS = macosx;
				SUPPORTS_MACCATALYST = NO;
				SWIFT_VERSION = 6.0;
				TEST_TARGET_NAME = Echo;
			};
			name = Release;
		};
		63DF32C187F24978BB339CF0 /* Debug configuration for PBXNativeTarget "EchoUITests" */ = {
			isa = XCBuildConfiguration;
			baseConfigurationReferenceAnchor = 0ADF94972E78B95200E993F8 /* Echo */;
			baseConfigurationReferenceRelativePath = Configuration/Secrets.xcconfig;
			buildSettings = {
				CODE_SIGN_STYLE = Automatic;
				CURRENT_PROJECT_VERSION = 2;
				DEAD_CODE_STRIPPING = YES;
				DEVELOPMENT_TEAM = JQU2HR44D8;
				GENERATE_INFOPLIST_FILE = YES;
				LD_RUNPATH_SEARCH_PATHS = (
					"$(inherited)",
					"@executable_path/../Frameworks",
				);
				MACOSX_DEPLOYMENT_TARGET = 26.0;
				MARKETING_VERSION = 1.0;
				PRODUCT_BUNDLE_IDENTIFIER = dev.echodb.echoUITests;
				PRODUCT_NAME = "$(TARGET_NAME)";
				SUPPORTED_PLATFORMS = macosx;
				SUPPORTS_MACCATALYST = NO;
				SWIFT_VERSION = 6.0;
				TEST_TARGET_NAME = Echo;
			};
			name = Debug;
		};
		6454F57C52DB4B608A768E48 /* Debug configuration for PBXNativeTarget "EchoTests" */ = {
			isa = XCBuildConfiguration;
			baseConfigurationReferenceAnchor = 0ADF94972E78B95200E993F8 /* Echo */;
			baseConfigurationReferenceRelativePath = Configuration/Secrets.xcconfig;
			buildSettings = {
				BUNDLE_LOADER = "$(TEST_HOST)";
				CODE_SIGN_STYLE = Automatic;
				CURRENT_PROJECT_VERSION = 2;
				DEAD_CODE_STRIPPING = YES;
				DEVELOPMENT_TEAM = JQU2HR44D8;
				GENERATE_INFOPLIST_FILE = YES;
				LD_RUNPATH_SEARCH_PATHS = (
					"$(inherited)",
					"@executable_path/../Frameworks",
					"@loader_path/../Frameworks",
				);
				MACOSX_DEPLOYMENT_TARGET = 26.0;
				MARKETING_VERSION = 1.0;
				PRODUCT_BUNDLE_IDENTIFIER = dev.echodb.echoTests;
				PRODUCT_NAME = "$(TARGET_NAME)";
				SUPPORTED_PLATFORMS = macosx;
				SUPPORTS_MACCATALYST = NO;
				SWIFT_VERSION = 6.0;
				TEST_HOST = "$(BUILT_PRODUCTS_DIR)/Echo.app/Contents/MacOS/Echo";
			};
			name = Debug;
		};
/* End XCBuildConfiguration section */

/* Begin XCConfigurationList section */
		0ADF94902E78B95200E993F8 /* Build configuration list for PBXProject "Echo" */ = {
			isa = XCConfigurationList;
			buildConfigurations = (
				0ADF949E2E78B95300E993F8 /* Debug configuration for PBXProject "Echo" */,
				0ADF949F2E78B95300E993F8 /* Release configuration for PBXProject "Echo" */,
			);
			defaultConfigurationName = Release;
		};
		0ADF94A02E78B95300E993F8 /* Build configuration list for PBXNativeTarget "Echo" */ = {
			isa = XCConfigurationList;
			buildConfigurations = (
				0ADF94A12E78B95300E993F8 /* Debug configuration for PBXNativeTarget "Echo" */,
				0ADF94A22E78B95300E993F8 /* Release configuration for PBXNativeTarget "Echo" */,
			);
			defaultConfigurationName = Release;
		};
		95F7A9BBC0144F06BDC223E4 /* Build configuration list for PBXNativeTarget "EchoTests" */ = {
			isa = XCConfigurationList;
			buildConfigurations = (
				6454F57C52DB4B608A768E48 /* Debug configuration for PBXNativeTarget "EchoTests" */,
				1BC3C63337E74F2C8B7E582C /* Release configuration for PBXNativeTarget "EchoTests" */,
			);
			defaultConfigurationName = Release;
		};
		E3EA64053AF34068A3DB9DB6 /* Build configuration list for PBXNativeTarget "EchoUITests" */ = {
			isa = XCConfigurationList;
			buildConfigurations = (
				63DF32C187F24978BB339CF0 /* Debug configuration for PBXNativeTarget "EchoUITests" */,
				5D6CF13DFE6449D7811660D9 /* Release configuration for PBXNativeTarget "EchoUITests" */,
			);
			defaultConfigurationName = Release;
		};
/* End XCConfigurationList section */

/* Begin XCLocalSwiftPackageReference section */
		0ADE5D00000000000000A001 /* XCLocalSwiftPackageReference "Packages/EchoDesignSystem" */ = {
			isa = XCLocalSwiftPackageReference;
			relativePath = Packages/EchoDesignSystem;
		};
/* End XCLocalSwiftPackageReference section */

/* Begin XCRemoteSwiftPackageReference section */
		0A41EC7E2F7C0B8500AD776A /* XCRemoteSwiftPackageReference "supabase-swift" */ = {
			isa = XCRemoteSwiftPackageReference;
			repositoryURL = "https://github.com/supabase/supabase-swift";
			requirement = {
				kind = upToNextMajorVersion;
				minimumVersion = 2.5.1;
			};
			traits = (
			);
		};
		0A41ECAE2F7C856800AD776A /* XCRemoteSwiftPackageReference "swift-crypto" */ = {
			isa = XCRemoteSwiftPackageReference;
			repositoryURL = "https://github.com/apple/swift-crypto";
			requirement = {
				kind = upToNextMajorVersion;
				minimumVersion = 4.3.0;
			};
		};
		0A6970C02F5EEF090027641E /* XCRemoteSwiftPackageReference "sqlite-nio" */ = {
			isa = XCRemoteSwiftPackageReference;
			repositoryURL = "https://github.com/vapor/sqlite-nio";
			requirement = {
				kind = upToNextMajorVersion;
				minimumVersion = 1.12.4;
			};
		};
		0A6970C32F5EEF5E0027641E /* XCRemoteSwiftPackageReference "echo-postgres" */ = {
			isa = XCRemoteSwiftPackageReference;
			repositoryURL = "https://github.com/tashda/echo-postgres";
			requirement = {
				branch = dev;
				kind = branch;
			};
		};
		0A6970C82F5EEFA40027641E /* XCRemoteSwiftPackageReference "echo-sqlserver" */ = {
			isa = XCRemoteSwiftPackageReference;
			repositoryURL = "https://github.com/tashda/echo-sqlserver";
			requirement = {
				branch = dev;
				kind = branch;
			};
		};
		0A697AEC2F5EF8220027641E /* XCRemoteSwiftPackageReference "echo-sense" */ = {
			isa = XCRemoteSwiftPackageReference;
			repositoryURL = "https://github.com/tashda/echo-sense";
			requirement = {
				branch = dev;
				kind = branch;
			};
		};
		ELB003000000000000000001 /* XCRemoteSwiftPackageReference "echo-libraries" */ = {
			isa = XCRemoteSwiftPackageReference;
			repositoryURL = "https://github.com/tashda/echo-libraries";
			requirement = {
				kind = upToNextMajorVersion;
				minimumVersion = 1.1.0;
			};
		};
		0A698A402F5F88AA0027641E /* XCRemoteSwiftPackageReference "Sparkle" */ = {
			isa = XCRemoteSwiftPackageReference;
			repositoryURL = "https://github.com/sparkle-project/Sparkle";
			requirement = {
				kind = upToNextMajorVersion;
				minimumVersion = 2.9.0;
			};
		};
		0A79557C2E8F10A9002279AE /* XCRemoteSwiftPackageReference "echo-mysql" */ = {
			isa = XCRemoteSwiftPackageReference;
			repositoryURL = "https://github.com/tashda/echo-mysql";
			requirement = {
				branch = dev;
				kind = branch;
			};
		};
		0AAD000100000000000000AD /* XCRemoteSwiftPackageReference "swift-active-directory" */ = {
			isa = XCRemoteSwiftPackageReference;
			repositoryURL = "https://github.com/tashda/swift-active-directory";
			requirement = {
				branch = dev;
				kind = branch;
			};
		};
		B396C6AF5D5149A2119B63A3 /* XCRemoteSwiftPackageReference "echo-server-lab" */ = {
			isa = XCRemoteSwiftPackageReference;
			repositoryURL = "https://github.com/tashda/echo-server-lab";
			requirement = {
				branch = dev;
				kind = branch;
			};
		};
/* End XCRemoteSwiftPackageReference section */

/* Begin XCSwiftPackageProductDependency section */
		0A41EC7F2F7C0B8500AD776A /* Auth */ = {
			isa = XCSwiftPackageProductDependency;
			package = 0A41EC7E2F7C0B8500AD776A /* XCRemoteSwiftPackageReference "supabase-swift" */;
			productName = Auth;
		};
		0A41EC812F7C0B8500AD776A /* Functions */ = {
			isa = XCSwiftPackageProductDependency;
			package = 0A41EC7E2F7C0B8500AD776A /* XCRemoteSwiftPackageReference "supabase-swift" */;
			productName = Functions;
		};
		0A41EC832F7C0B8500AD776A /* PostgREST */ = {
			isa = XCSwiftPackageProductDependency;
			package = 0A41EC7E2F7C0B8500AD776A /* XCRemoteSwiftPackageReference "supabase-swift" */;
			productName = PostgREST;
		};
		0A41EC852F7C0B8500AD776A /* Realtime */ = {
			isa = XCSwiftPackageProductDependency;
			package = 0A41EC7E2F7C0B8500AD776A /* XCRemoteSwiftPackageReference "supabase-swift" */;
			productName = Realtime;
		};
		0A41EC872F7C0B8500AD776A /* Storage */ = {
			isa = XCSwiftPackageProductDependency;
			package = 0A41EC7E2F7C0B8500AD776A /* XCRemoteSwiftPackageReference "supabase-swift" */;
			productName = Storage;
		};
		0A41EC892F7C0B8500AD776A /* Supabase */ = {
			isa = XCSwiftPackageProductDependency;
			package = 0A41EC7E2F7C0B8500AD776A /* XCRemoteSwiftPackageReference "supabase-swift" */;
			productName = Supabase;
		};
		0A41ECAF2F7C856800AD776A /* Crypto */ = {
			isa = XCSwiftPackageProductDependency;
			package = 0A41ECAE2F7C856800AD776A /* XCRemoteSwiftPackageReference "swift-crypto" */;
			productName = Crypto;
		};
		0A41ECB12F7C856800AD776A /* CryptoExtras */ = {
			isa = XCSwiftPackageProductDependency;
			package = 0A41ECAE2F7C856800AD776A /* XCRemoteSwiftPackageReference "swift-crypto" */;
			productName = CryptoExtras;
		};
		0A41ECB32F7C856800AD776A /* _CryptoExtras */ = {
			isa = XCSwiftPackageProductDependency;
			package = 0A41ECAE2F7C856800AD776A /* XCRemoteSwiftPackageReference "swift-crypto" */;
			productName = _CryptoExtras;
		};
		0A6970C12F5EEF090027641E /* SQLiteNIO */ = {
			isa = XCSwiftPackageProductDependency;
			package = 0A6970C02F5EEF090027641E /* XCRemoteSwiftPackageReference "sqlite-nio" */;
			productName = SQLiteNIO;
		};
		0A6970C42F5EEF5E0027641E /* PostgresKit */ = {
			isa = XCSwiftPackageProductDependency;
			package = 0A6970C32F5EEF5E0027641E /* XCRemoteSwiftPackageReference "echo-postgres" */;
			productName = PostgresKit;
		};
		0A6970C92F5EEFA40027641E /* SQLServerKit */ = {
			isa = XCSwiftPackageProductDependency;
			package = 0A6970C82F5EEFA40027641E /* XCRemoteSwiftPackageReference "echo-sqlserver" */;
			productName = SQLServerKit;
		};
		0A697AED2F5EF8220027641E /* EchoSense */ = {
			isa = XCSwiftPackageProductDependency;
			package = 0A697AEC2F5EF8220027641E /* XCRemoteSwiftPackageReference "echo-sense" */;
			productName = EchoSense;
		};
		ELB002000000000000000001 /* CLibpq */ = {
			isa = XCSwiftPackageProductDependency;
			package = ELB003000000000000000001 /* XCRemoteSwiftPackageReference "echo-libraries" */;
			productName = CLibpq;
		};
		0A698A412F5F88AA0027641E /* Sparkle */ = {
			isa = XCSwiftPackageProductDependency;
			package = 0A698A402F5F88AA0027641E /* XCRemoteSwiftPackageReference "Sparkle" */;
			productName = Sparkle;
		};
		0A79557D2E8F10A9002279AE /* MySQLKit */ = {
			isa = XCSwiftPackageProductDependency;
			package = 0A79557C2E8F10A9002279AE /* XCRemoteSwiftPackageReference "echo-mysql" */;
			productName = MySQLKit;
		};
		0AAD000200000000000000AD /* ActiveDirectory */ = {
			isa = XCSwiftPackageProductDependency;
			package = 0AAD000100000000000000AD /* XCRemoteSwiftPackageReference "swift-active-directory" */;
			productName = ActiveDirectory;
		};
		0ADE5D00000000000000A002 /* EchoDesignSystem */ = {
			isa = XCSwiftPackageProductDependency;
			productName = EchoDesignSystem;
		};
		FD3382FC2CB7A2B3917A4282 /* ServerLabClient */ = {
			isa = XCSwiftPackageProductDependency;
			package = B396C6AF5D5149A2119B63A3 /* XCRemoteSwiftPackageReference "echo-server-lab" */;
			productName = ServerLabClient;
		};
/* End XCSwiftPackageProductDependency section */
	};
	rootObject = 0ADF948D2E78B95200E993F8 /* Project object */;
}
