// !$*UTF8*$!
{
	archiveVersion = 1;
	classes = {
	};
	objectVersion = 77;
	objects = {

/* Begin PBXBuildFile section */
		0A6738322EB80FAC0048CFCB /* PostgresKit in Frameworks */ = {isa = PBXBuildFile; productRef = 0A6738312EB80FAC0048CFCB /* PostgresKit */; };
		0A79557E2E8F10A9002279AE /* MySQLNIO in Frameworks */ = {isa = PBXBuildFile; productRef = 0A79557D2E8F10A9002279AE /* MySQLNIO */; };
		0A8E31A12EAB923F00C86FF3 /* SQLServerKit in Frameworks */ = {isa = PBXBuildFile; productRef = 0A8E31A02EAB923F00C86FF3 /* SQLServerKit */; };
		0AAD2B062EB0049400D16113 /* PostgresKit in Frameworks */ = {isa = PBXBuildFile; productRef = 0AAD2B052EB0049400D16113 /* PostgresKit */; };
		0AD4AA2B2E8D55E100F42692 /* build_sqruff.sh in Resources */ = {isa = PBXBuildFile; fileRef = 0AD4AA292E8D55E100F42692 /* build_sqruff.sh */; };
		0ADF94B92E78BAA400E993F8 /* PostgresNIO in Frameworks */ = {isa = PBXBuildFile; productRef = 0ADF94B82E78BAA400E993F8 /* PostgresNIO */; };
		0ADF94BB2E78BAA400E993F8 /* _ConnectionPoolModule in Frameworks */ = {isa = PBXBuildFile; productRef = 0ADF94BA2E78BAA400E993F8 /* _ConnectionPoolModule */; };
		0ADF94BD2E78BAA400E993F8 /* _ConnectionPoolTestUtils in Frameworks */ = {isa = PBXBuildFile; productRef = 0ADF94BC2E78BAA400E993F8 /* _ConnectionPoolTestUtils */; };
		0C1234522F9ABC0100ABCDE /* EchoSense in Frameworks */ = {isa = PBXBuildFile; productRef = 0C1234512F9ABC0100ABCDE /* EchoSense */; };
		198ED504586B4F4B8D2B074E /* QueryEditorUITests.swift in Sources */ = {isa = PBXBuildFile; fileRef = E50DD38876CF4E95827F9B3D /* QueryEditorUITests.swift */; };
		2D1E734B2FF0AC7A00A1B2C3 /* QueryPerformanceTrackerTests.swift in Sources */ = {isa = PBXBuildFile; fileRef = 2D1E734A2FF0AC7A00A1B2C3 /* QueryPerformanceTrackerTests.swift */; };
		432EC302287042ACB5AE946D /* PostgresStreamingBenchmarkTests.swift in Sources */ = {isa = PBXBuildFile; fileRef = 4B31BB19E0A4450CA3048867 /* PostgresStreamingBenchmarkTests.swift */; };
		6030A29ABBCD58751DCA65AE /* SourceCodePro-Regular.ttf in CopyFiles */ = {isa = PBXBuildFile; fileRef = 63CF0995418024155EBA8F37 /* SourceCodePro-Regular.ttf */; };
		8ECF63DBB3844802B62E76D4 /* UbuntuMono-Regular.ttf in CopyFiles */ = {isa = PBXBuildFile; fileRef = 533ECEA388B5E26722814A7C /* UbuntuMono-Regular.ttf */; };
		A98A655E2EAA65CF007AAB86 /* SQLiteNIO in Frameworks */ = {isa = PBXBuildFile; productRef = A98A655D2EAA65CF007AAB86 /* SQLiteNIO */; };
		B66C2F887E35A3358F209F93 /* Hack-Regular.ttf in CopyFiles */ = {isa = PBXBuildFile; fileRef = B76434B110ACC86CC86642A1 /* Hack-Regular.ttf */; };
		C93850D54E3A549BC7E315B3 /* Inconsolata-Regular.ttf in CopyFiles */ = {isa = PBXBuildFile; fileRef = 23F736A358A1CCBACD3B0834 /* Inconsolata-Regular.ttf */; };
		D316B590203F49689AC5D29A /* SQLEditorRegexTests.swift in Sources */ = {isa = PBXBuildFile; fileRef = CD46E27623774768B647E31C /* SQLEditorRegexTests.swift */; };
		E2C0B9A3C4F74E7C9E1D4B61 /* MSSQLMetadataLoadingTests.swift in Sources */ = {isa = PBXBuildFile; fileRef = E2C0B9A4C4F74E7C9E1D4B61 /* MSSQLMetadataLoadingTests.swift */; };
		D3BB6F6FC954AA040392C7C7 /* AnonymousPro-Regular.ttf in CopyFiles */ = {isa = PBXBuildFile; fileRef = CC1194D7AF45D51E8E8EA8C4 /* AnonymousPro-Regular.ttf */; };
		E1CF7F199F60040BF42A54DF /* MesloLGS-Regular.ttf in CopyFiles */ = {isa = PBXBuildFile; fileRef = 9CC0B2EBE9BD3F338658D526 /* MesloLGS-Regular.ttf */; };
		E2E872DC3647C4621284F1B2 /* Iosevka-Regular.ttf in CopyFiles */ = {isa = PBXBuildFile; fileRef = 9914A75C43EF3F555CE8E868 /* Iosevka-Regular.ttf */; };
		F17A0E1C2FC1C3BC007F5489 /* FiraCode-Regular.ttf in CopyFiles */ = {isa = PBXBuildFile; fileRef = F17A0E0F2FC1B3F8007F5489 /* FiraCode-Regular.ttf */; };
		F17A0E1D2FC1C3BC007F5489 /* IBMPlexMono-Regular.ttf in CopyFiles */ = {isa = PBXBuildFile; fileRef = F17A0E102FC1B3F8007F5489 /* IBMPlexMono-Regular.ttf */; };
		F17A0E1E2FC1C3BC007F5489 /* JetBrainsMono-Regular.ttf in CopyFiles */ = {isa = PBXBuildFile; fileRef = F17A0E112FC1B3F8007F5489 /* JetBrainsMono-Regular.ttf */; };
		F17A0E1F2FC1C3BC007F5489 /* RecursiveMonoLinear-Regular.ttf in CopyFiles */ = {isa = PBXBuildFile; fileRef = F17A0E122FC1B3F8007F5489 /* RecursiveMonoLinear-Regular.ttf */; };
		F17A0E202FC1C3BC007F5489 /* SplineSansMono-Regular.ttf in CopyFiles */ = {isa = PBXBuildFile; fileRef = F17A0E132FC1B3F8007F5489 /* SplineSansMono-Regular.ttf */; };
/* End PBXBuildFile section */

/* Begin PBXContainerItemProxy section */
		0152D0D7AF344C4F90240CAB /* PBXContainerItemProxy */ = {
			isa = PBXContainerItemProxy;
			containerPortal = 0ADF948D2E78B95200E993F8 /* Project object */;
			proxyType = 1;
			remoteGlobalIDString = 0ADF94942E78B95200E993F8;
			remoteInfo = Echo;
		};
		279009266F8B45C8AC72014A /* PBXContainerItemProxy */ = {
			isa = PBXContainerItemProxy;
			containerPortal = 0ADF948D2E78B95200E993F8 /* Project object */;
			proxyType = 1;
			remoteGlobalIDString = 0ADF94942E78B95200E993F8;
			remoteInfo = Echo;
		};
/* End PBXContainerItemProxy section */

/* Begin PBXCopyFilesBuildPhase section */
		F17A0E1B2FC1C3BC007F5489 /* CopyFiles */ = {
			isa = PBXCopyFilesBuildPhase;
			buildActionMask = 2147483647;
			dstPath = Fonts;
			dstSubfolderSpec = 7;
			files = (
				F17A0E1C2FC1C3BC007F5489 /* FiraCode-Regular.ttf in CopyFiles */,
				F17A0E1D2FC1C3BC007F5489 /* IBMPlexMono-Regular.ttf in CopyFiles */,
				F17A0E1E2FC1C3BC007F5489 /* JetBrainsMono-Regular.ttf in CopyFiles */,
				F17A0E1F2FC1C3BC007F5489 /* RecursiveMonoLinear-Regular.ttf in CopyFiles */,
				F17A0E202FC1C3BC007F5489 /* SplineSansMono-Regular.ttf in CopyFiles */,
				6030A29ABBCD58751DCA65AE /* SourceCodePro-Regular.ttf in CopyFiles */,
				B66C2F887E35A3358F209F93 /* Hack-Regular.ttf in CopyFiles */,
				8ECF63DBB3844802B62E76D4 /* UbuntuMono-Regular.ttf in CopyFiles */,
				C93850D54E3A549BC7E315B3 /* Inconsolata-Regular.ttf in CopyFiles */,
				E1CF7F199F60040BF42A54DF /* MesloLGS-Regular.ttf in CopyFiles */,
				D3BB6F6FC954AA040392C7C7 /* AnonymousPro-Regular.ttf in CopyFiles */,
				E2E872DC3647C4621284F1B2 /* Iosevka-Regular.ttf in CopyFiles */,
			);
			runOnlyForDeploymentPostprocessing = 0;
		};
/* End PBXCopyFilesBuildPhase section */

/* Begin PBXFileReference section */
		0A79556F2E8EB81C002279AE /* EchoUITests.xctestplan */ = {isa = PBXFileReference; lastKnownFileType = text; path = EchoUITests.xctestplan; sourceTree = "<group>"; };
		0A7955702E8EF321002279AE /* EchoTests.xctestplan */ = {isa = PBXFileReference; lastKnownFileType = text; path = EchoTests.xctestplan; sourceTree = "<group>"; };
		0AD4AA292E8D55E100F42692 /* build_sqruff.sh */ = {isa = PBXFileReference; lastKnownFileType = text.script.sh; path = build_sqruff.sh; sourceTree = "<group>"; };
		0ADF94952E78B95200E993F8 /* Echo.app */ = {isa = PBXFileReference; explicitFileType = wrapper.application; includeInIndex = 0; path = Echo.app; sourceTree = BUILT_PRODUCTS_DIR; };
		23F736A358A1CCBACD3B0834 /* Inconsolata-Regular.ttf */ = {isa = PBXFileReference; lastKnownFileType = file; name = "Inconsolata-Regular.ttf"; path = "Echo/Resources/Fonts/Inconsolata-Regular.ttf"; sourceTree = "<group>"; };
		2D1E734A2FF0AC7A00A1B2C3 /* QueryPerformanceTrackerTests.swift */ = {isa = PBXFileReference; lastKnownFileType = sourcecode.swift; path = QueryPerformanceTrackerTests.swift; sourceTree = "<group>"; };
		44D226344BD64F6B8A29593F /* EchoUITests.xctest */ = {isa = PBXFileReference; explicitFileType = wrapper.cfbundle; includeInIndex = 0; path = EchoUITests.xctest; sourceTree = BUILT_PRODUCTS_DIR; };
		4B31BB19E0A4450CA3048867 /* PostgresStreamingBenchmarkTests.swift */ = {isa = PBXFileReference; lastKnownFileType = sourcecode.swift; path = PostgresStreamingBenchmarkTests.swift; sourceTree = "<group>"; };
		533ECEA388B5E26722814A7C /* UbuntuMono-Regular.ttf */ = {isa = PBXFileReference; lastKnownFileType = file; name = "UbuntuMono-Regular.ttf"; path = "Echo/Resources/Fonts/UbuntuMono-Regular.ttf"; sourceTree = "<group>"; };
		63CF0995418024155EBA8F37 /* SourceCodePro-Regular.ttf */ = {isa = PBXFileReference; lastKnownFileType = file; name = "SourceCodePro-Regular.ttf"; path = "Echo/Resources/Fonts/SourceCodePro-Regular.ttf"; sourceTree = "<group>"; };
		9914A75C43EF3F555CE8E868 /* Iosevka-Regular.ttf */ = {isa = PBXFileReference; lastKnownFileType = file; name = "Iosevka-Regular.ttf"; path = "Echo/Resources/Fonts/Iosevka-Regular.ttf"; sourceTree = "<group>"; };
		9CC0B2EBE9BD3F338658D526 /* MesloLGS-Regular.ttf */ = {isa = PBXFileReference; lastKnownFileType = file; name = "MesloLGS-Regular.ttf"; path = "Echo/Resources/Fonts/MesloLGS-Regular.ttf"; sourceTree = "<group>"; };
		B76434B110ACC86CC86642A1 /* Hack-Regular.ttf */ = {isa = PBXFileReference; lastKnownFileType = file; name = "Hack-Regular.ttf"; path = "Echo/Resources/Fonts/Hack-Regular.ttf"; sourceTree = "<group>"; };
		C7719E187414448D93AD6120 /* EchoTests.xctest */ = {isa = PBXFileReference; explicitFileType = wrapper.cfbundle; includeInIndex = 0; path = EchoTests.xctest; sourceTree = BUILT_PRODUCTS_DIR; };
		CC1194D7AF45D51E8E8EA8C4 /* AnonymousPro-Regular.ttf */ = {isa = PBXFileReference; lastKnownFileType = file; name = "AnonymousPro-Regular.ttf"; path = "Echo/Resources/Fonts/AnonymousPro-Regular.ttf"; sourceTree = "<group>"; };
		CD46E27623774768B647E31C /* SQLEditorRegexTests.swift */ = {isa = PBXFileReference; lastKnownFileType = sourcecode.swift; path = SQLEditorRegexTests.swift; sourceTree = "<group>"; };
		E2C0B9A4C4F74E7C9E1D4B61 /* MSSQLMetadataLoadingTests.swift */ = {isa = PBXFileReference; lastKnownFileType = sourcecode.swift; path = MSSQLMetadataLoadingTests.swift; sourceTree = "<group>"; };
		E50DD38876CF4E95827F9B3D /* QueryEditorUITests.swift */ = {isa = PBXFileReference; lastKnownFileType = sourcecode.swift; path = QueryEditorUITests.swift; sourceTree = "<group>"; };
		F17A0E0F2FC1B3F8007F5489 /* FiraCode-Regular.ttf */ = {isa = PBXFileReference; lastKnownFileType = file; name = "FiraCode-Regular.ttf"; path = "Echo/Resources/Fonts/FiraCode-Regular.ttf"; sourceTree = "<group>"; };
		F17A0E102FC1B3F8007F5489 /* IBMPlexMono-Regular.ttf */ = {isa = PBXFileReference; lastKnownFileType = file; name = "IBMPlexMono-Regular.ttf"; path = "Echo/Resources/Fonts/IBMPlexMono-Regular.ttf"; sourceTree = "<group>"; };
		F17A0E112FC1B3F8007F5489 /* JetBrainsMono-Regular.ttf */ = {isa = PBXFileReference; lastKnownFileType = file; name = "JetBrainsMono-Regular.ttf"; path = "Echo/Resources/Fonts/JetBrainsMono-Regular.ttf"; sourceTree = "<group>"; };
		F17A0E122FC1B3F8007F5489 /* RecursiveMonoLinear-Regular.ttf */ = {isa = PBXFileReference; lastKnownFileType = file; name = "RecursiveMonoLinear-Regular.ttf"; path = "Echo/Resources/Fonts/RecursiveMonoLinear-Regular.ttf"; sourceTree = "<group>"; };
		F17A0E132FC1B3F8007F5489 /* SplineSansMono-Regular.ttf */ = {isa = PBXFileReference; lastKnownFileType = file; name = "SplineSansMono-Regular.ttf"; path = "Echo/Resources/Fonts/SplineSansMono-Regular.ttf"; sourceTree = "<group>"; };
/* End PBXFileReference section */

/* Begin PBXFileSystemSynchronizedRootGroup section */
		0ADF94972E78B95200E993F8 /* Echo */ = {
			isa = PBXFileSystemSynchronizedRootGroup;
			path = Echo;
			sourceTree = "<group>";
		};
/* End PBXFileSystemSynchronizedRootGroup section */

/* Begin PBXFrameworksBuildPhase section */
		0ADF94922E78B95200E993F8 /* Frameworks */ = {
			isa = PBXFrameworksBuildPhase;
			buildActionMask = 2147483647;
			files = (
				A98A655E2EAA65CF007AAB86 /* SQLiteNIO in Frameworks */,
				0ADF94BD2E78BAA400E993F8 /* _ConnectionPoolTestUtils in Frameworks */,
				0AAD2B062EB0049400D16113 /* PostgresKit in Frameworks */,
				0ADF94BB2E78BAA400E993F8 /* _ConnectionPoolModule in Frameworks */,
				0ADF94B92E78BAA400E993F8 /* PostgresNIO in Frameworks */,
				0A79557E2E8F10A9002279AE /* MySQLNIO in Frameworks */,
				0C1234522F9ABC0100ABCDE /* EchoSense in Frameworks */,
				0A6738322EB80FAC0048CFCB /* PostgresKit in Frameworks */,
				0A8E31A12EAB923F00C86FF3 /* SQLServerKit in Frameworks */,
			);
			runOnlyForDeploymentPostprocessing = 0;
		};
		DE04F48262B74FC9BC6625CF /* Frameworks */ = {
			isa = PBXFrameworksBuildPhase;
			buildActionMask = 2147483647;
			files = (
			);
			runOnlyForDeploymentPostprocessing = 0;
		};
		F6F7A37EFD91485785DAD8E5 /* Frameworks */ = {
			isa = PBXFrameworksBuildPhase;
			buildActionMask = 2147483647;
			files = (
			);
			runOnlyForDeploymentPostprocessing = 0;
		};
/* End PBXFrameworksBuildPhase section */

/* Begin PBXGroup section */
		0A7967712E8FC887002279AE /* Frameworks */ = {
			isa = PBXGroup;
			children = (
			);
			name = Frameworks;
			sourceTree = "<group>";
		};
		0AA5A2732E9F189F00E00FA3 /* Recovered References */ = {
			isa = PBXGroup;
			children = (
				F17A0E0F2FC1B3F8007F5489 /* FiraCode-Regular.ttf */,
				F17A0E102FC1B3F8007F5489 /* IBMPlexMono-Regular.ttf */,
				F17A0E112FC1B3F8007F5489 /* JetBrainsMono-Regular.ttf */,
				F17A0E122FC1B3F8007F5489 /* RecursiveMonoLinear-Regular.ttf */,
				F17A0E132FC1B3F8007F5489 /* SplineSansMono-Regular.ttf */,
				63CF0995418024155EBA8F37 /* SourceCodePro-Regular.ttf */,
				B76434B110ACC86CC86642A1 /* Hack-Regular.ttf */,
				533ECEA388B5E26722814A7C /* UbuntuMono-Regular.ttf */,
				23F736A358A1CCBACD3B0834 /* Inconsolata-Regular.ttf */,
				9CC0B2EBE9BD3F338658D526 /* MesloLGS-Regular.ttf */,
				CC1194D7AF45D51E8E8EA8C4 /* AnonymousPro-Regular.ttf */,
				9914A75C43EF3F555CE8E868 /* Iosevka-Regular.ttf */,
			);
			name = "Recovered References";
			sourceTree = "<group>";
		};
		0AD4AA2A2E8D55E100F42692 /* Scripts */ = {
			isa = PBXGroup;
			children = (
				0AD4AA292E8D55E100F42692 /* build_sqruff.sh */,
			);
			path = Scripts;
			sourceTree = "<group>";
		};
		0ADF948C2E78B95200E993F8 = {
			isa = PBXGroup;
			children = (
				0A7955702E8EF321002279AE /* EchoTests.xctestplan */,
				0A79556F2E8EB81C002279AE /* EchoUITests.xctestplan */,
				0AD4AA2A2E8D55E100F42692 /* Scripts */,
				0ADF94972E78B95200E993F8 /* Echo */,
				A136718CC82746DC8CBC84F7 /* EchoTests */,
				BE16104276AD4F81B99B794F /* EchoUITests */,
				0A7967712E8FC887002279AE /* Frameworks */,
				0ADF94962E78B95200E993F8 /* Products */,
				0AA5A2732E9F189F00E00FA3 /* Recovered References */,
			);
			sourceTree = "<group>";
		};
		0ADF94962E78B95200E993F8 /* Products */ = {
			isa = PBXGroup;
			children = (
				0ADF94952E78B95200E993F8 /* Echo.app */,
				C7719E187414448D93AD6120 /* EchoTests.xctest */,
				44D226344BD64F6B8A29593F /* EchoUITests.xctest */,
			);
			name = Products;
			sourceTree = "<group>";
		};
		A136718CC82746DC8CBC84F7 /* EchoTests */ = {
			isa = PBXGroup;
			children = (
				4B31BB19E0A4450CA3048867 /* PostgresStreamingBenchmarkTests.swift */,
				CD46E27623774768B647E31C /* SQLEditorRegexTests.swift */,
				2D1E734A2FF0AC7A00A1B2C3 /* QueryPerformanceTrackerTests.swift */,
				E2C0B9A4C4F74E7C9E1D4B61 /* MSSQLMetadataLoadingTests.swift */,
			);
			path = EchoTests;
			sourceTree = "<group>";
		};
		BE16104276AD4F81B99B794F /* EchoUITests */ = {
			isa = PBXGroup;
			children = (
				E50DD38876CF4E95827F9B3D /* QueryEditorUITests.swift */,
			);
			path = EchoUITests;
			sourceTree = "<group>";
		};
/* End PBXGroup section */

/* Begin PBXNativeTarget section */
		0ADF94942E78B95200E993F8 /* Echo */ = {
			isa = PBXNativeTarget;
			buildConfigurationList = 0ADF94A02E78B95300E993F8 /* Build configuration list for PBXNativeTarget "Echo" */;
			buildPhases = (
				0ADF94912E78B95200E993F8 /* Sources */,
				0ADF94922E78B95200E993F8 /* Frameworks */,
				0AD4AA272E8D53F300F42692 /* Build sqruff */,
				F17A0E1B2FC1C3BC007F5489 /* CopyFiles */,
				0ADF94932E78B95200E993F8 /* Resources */,
			);
			buildRules = (
			);
			dependencies = (
			);
			fileSystemSynchronizedGroups = (
				0ADF94972E78B95200E993F8 /* Echo */,
			);
			name = Echo;
			packageProductDependencies = (
				0ADF94B82E78BAA400E993F8 /* PostgresNIO */,
				0ADF94BA2E78BAA400E993F8 /* _ConnectionPoolModule */,
				0ADF94BC2E78BAA400E993F8 /* _ConnectionPoolTestUtils */,
				0A79557D2E8F10A9002279AE /* MySQLNIO */,
				0C1234512F9ABC0100ABCDE /* EchoSense */,
				A98A655D2EAA65CF007AAB86 /* SQLiteNIO */,
				0A8E31A02EAB923F00C86FF3 /* SQLServerKit */,
				0AAD2B052EB0049400D16113 /* PostgresKit */,
				0A6738312EB80FAC0048CFCB /* PostgresKit */,
			);
			productName = Echo;
			productReference = 0ADF94952E78B95200E993F8 /* Echo.app */;
			productType = "com.apple.product-type.application";
		};
		19D47C73D0D3464ABF899392 /* EchoUITests */ = {
			isa = PBXNativeTarget;
			buildConfigurationList = E3EA64053AF34068A3DB9DB6 /* Build configuration list for PBXNativeTarget "EchoUITests" */;
			buildPhases = (
				43ACEFFAAF3A4E2FBBE4DF9B /* Sources */,
				DE04F48262B74FC9BC6625CF /* Frameworks */,
				9FBBE71C12924DC48DD62C48 /* Resources */,
			);
			buildRules = (
			);
			dependencies = (
				C508E9DC087A4F4F8949D46E /* PBXTargetDependency */,
			);
			name = EchoUITests;
			productName = EchoUITests;
			productReference = 44D226344BD64F6B8A29593F /* EchoUITests.xctest */;
			productType = "com.apple.product-type.bundle.ui-testing";
		};
		385E60BACCBA4F1A95FC14AF /* EchoTests */ = {
			isa = PBXNativeTarget;
			buildConfigurationList = 95F7A9BBC0144F06BDC223E4 /* Build configuration list for PBXNativeTarget "EchoTests" */;
			buildPhases = (
				2DB2876243AE4D29B3565EB8 /* Sources */,
				F6F7A37EFD91485785DAD8E5 /* Frameworks */,
				91683D911D894DDB8D098EE9 /* Resources */,
			);
			buildRules = (
			);
			dependencies = (
				EB0544CC6EA5424480E0E2FF /* PBXTargetDependency */,
			);
			name = EchoTests;
			productName = EchoTests;
			productReference = C7719E187414448D93AD6120 /* EchoTests.xctest */;
			productType = "com.apple.product-type.bundle.unit-test";
		};
/* End PBXNativeTarget section */

/* Begin PBXProject section */
		0ADF948D2E78B95200E993F8 /* Project object */ = {
			isa = PBXProject;
			attributes = {
				BuildIndependentTargetsInParallel = 1;
				LastSwiftUpdateCheck = 2600;
				LastUpgradeCheck = 2610;
				TargetAttributes = {
					0ADF94942E78B95200E993F8 = {
						CreatedOnToolsVersion = 26.0;
					};
					19D47C73D0D3464ABF899392 = {
						CreatedOnToolsVersion = 26.0;
						TestTargetID = 0ADF94942E78B95200E993F8;
					};
					385E60BACCBA4F1A95FC14AF = {
						CreatedOnToolsVersion = 26.0;
						TestTargetID = 0ADF94942E78B95200E993F8;
					};
				};
			};
			buildConfigurationList = 0ADF94902E78B95200E993F8 /* Build configuration list for PBXProject "Echo" */;
			developmentRegion = en;
			hasScannedForEncodings = 0;
			knownRegions = (
				en,
				Base,
			);
			mainGroup = 0ADF948C2E78B95200E993F8;
			minimizedProjectReferenceProxies = 1;
			packageReferences = (
				0ADF94B72E78BAA400E993F8 /* XCRemoteSwiftPackageReference "postgres-nio" */,
				0A79557C2E8F10A9002279AE /* XCRemoteSwiftPackageReference "mysql-nio" */,
				0C1234502F9ABC0100ABCDE /* XCLocalSwiftPackageReference "../EchoSense" */,
				A98A655C2EAA65CF007AAB86 /* XCRemoteSwiftPackageReference "sqlite-nio" */,
				0A8E319F2EAB923F00C86FF3 /* XCLocalSwiftPackageReference "../sqlserver-nio" */,
				0A6738302EB80FAC0048CFCB /* XCLocalSwiftPackageReference "../postgres-wire" */,
			);
			preferredProjectObjectVersion = 77;
			productRefGroup = 0ADF94962E78B95200E993F8 /* Products */;
			projectDirPath = "";
			projectRoot = "";
			targets = (
				0ADF94942E78B95200E993F8 /* Echo */,
				385E60BACCBA4F1A95FC14AF /* EchoTests */,
				19D47C73D0D3464ABF899392 /* EchoUITests */,
			);
		};
/* End PBXProject section */

/* Begin PBXResourcesBuildPhase section */
		0ADF94932E78B95200E993F8 /* Resources */ = {
			isa = PBXResourcesBuildPhase;
			buildActionMask = 2147483647;
			files = (
				0AD4AA2B2E8D55E100F42692 /* build_sqruff.sh in Resources */,
			);
			runOnlyForDeploymentPostprocessing = 0;
		};
		91683D911D894DDB8D098EE9 /* Resources */ = {
			isa = PBXResourcesBuildPhase;
			buildActionMask = 2147483647;
			files = (
			);
			runOnlyForDeploymentPostprocessing = 0;
		};
		9FBBE71C12924DC48DD62C48 /* Resources */ = {
			isa = PBXResourcesBuildPhase;
			buildActionMask = 2147483647;
			files = (
			);
			runOnlyForDeploymentPostprocessing = 0;
		};
/* End PBXResourcesBuildPhase section */

/* Begin PBXShellScriptBuildPhase section */
		0AD4AA272E8D53F300F42692 /* Build sqruff */ = {
			isa = PBXShellScriptBuildPhase;
			buildActionMask = 2147483647;
			files = (
			);
			inputFileListPaths = (
			);
			inputPaths = (
				"${PROJECT_DIR}/Scripts/build_sqruff.sh",
				"${PROJECT_DIR}/BuildTools/sqruff/.sqruff",
			);
			name = "Build sqruff";
			outputFileListPaths = (
			);
			outputPaths = (
				"${BUILT_PRODUCTS_DIR}/${UNLOCALIZED_RESOURCES_FOLDER_PATH}/sqruff",
				"${BUILT_PRODUCTS_DIR}/${UNLOCALIZED_RESOURCES_FOLDER_PATH}/.sqruff",
			);
			runOnlyForDeploymentPostprocessing = 0;
			shellPath = /bin/sh;
			shellScript = "bash \"${PROJECT_DIR}/Scripts/build_sqruff.sh\"\n";
		};
/* End PBXShellScriptBuildPhase section */

/* Begin PBXSourcesBuildPhase section */
		0ADF94912E78B95200E993F8 /* Sources */ = {
			isa = PBXSourcesBuildPhase;
			buildActionMask = 2147483647;
			files = (
			);
			runOnlyForDeploymentPostprocessing = 0;
		};
		2DB2876243AE4D29B3565EB8 /* Sources */ = {
			isa = PBXSourcesBuildPhase;
			buildActionMask = 2147483647;
			files = (
				432EC302287042ACB5AE946D /* PostgresStreamingBenchmarkTests.swift in Sources */,
				D316B590203F49689AC5D29A /* SQLEditorRegexTests.swift in Sources */,
				2D1E734B2FF0AC7A00A1B2C3 /* QueryPerformanceTrackerTests.swift in Sources */,
				E2C0B9A3C4F74E7C9E1D4B61 /* MSSQLMetadataLoadingTests.swift in Sources */,
			);
			runOnlyForDeploymentPostprocessing = 0;
		};
		43ACEFFAAF3A4E2FBBE4DF9B /* Sources */ = {
			isa = PBXSourcesBuildPhase;
			buildActionMask = 2147483647;
			files = (
				198ED504586B4F4B8D2B074E /* QueryEditorUITests.swift in Sources */,
			);
			runOnlyForDeploymentPostprocessing = 0;
		};
/* End PBXSourcesBuildPhase section */

/* Begin PBXTargetDependency section */
		C508E9DC087A4F4F8949D46E /* PBXTargetDependency */ = {
			isa = PBXTargetDependency;
			target = 0ADF94942E78B95200E993F8 /* Echo */;
			targetProxy = 279009266F8B45C8AC72014A /* PBXContainerItemProxy */;
		};
		EB0544CC6EA5424480E0E2FF /* PBXTargetDependency */ = {
			isa = PBXTargetDependency;
			target = 0ADF94942E78B95200E993F8 /* Echo */;
			targetProxy = 0152D0D7AF344C4F90240CAB /* PBXContainerItemProxy */;
		};
/* End PBXTargetDependency section */

/* Begin XCBuildConfiguration section */
		0ADF949E2E78B95300E993F8 /* Debug */ = {
			isa = XCBuildConfiguration;
			buildSettings = {
				ALWAYS_SEARCH_USER_PATHS = NO;
				ASSETCATALOG_COMPILER_GENERATE_SWIFT_ASSET_SYMBOL_EXTENSIONS = YES;
				CLANG_ANALYZER_NONNULL = YES;
				CLANG_ANALYZER_NUMBER_OBJECT_CONVERSION = YES_AGGRESSIVE;
				CLANG_CXX_LANGUAGE_STANDARD = "gnu++20";
				CLANG_ENABLE_MODULES = YES;
				CLANG_ENABLE_OBJC_ARC = YES;
				CLANG_ENABLE_OBJC_WEAK = YES;
				CLANG_WARN_BLOCK_CAPTURE_AUTORELEASING = YES;
				CLANG_WARN_BOOL_CONVERSION = YES;
				CLANG_WARN_COMMA = YES;
				CLANG_WARN_CONSTANT_CONVERSION = YES;
				CLANG_WARN_DEPRECATED_OBJC_IMPLEMENTATIONS = YES;
				CLANG_WARN_DIRECT_OBJC_ISA_USAGE = YES_ERROR;
				CLANG_WARN_DOCUMENTATION_COMMENTS = YES;
				CLANG_WARN_EMPTY_BODY = YES;
				CLANG_WARN_ENUM_CONVERSION = YES;
				CLANG_WARN_INFINITE_RECURSION = YES;
				CLANG_WARN_INT_CONVERSION = YES;
				CLANG_WARN_NON_LITERAL_NULL_CONVERSION = YES;
				CLANG_WARN_OBJC_IMPLICIT_RETAIN_SELF = YES;
				CLANG_WARN_OBJC_LITERAL_CONVERSION = YES;
				CLANG_WARN_OBJC_ROOT_CLASS = YES_ERROR;
				CLANG_WARN_QUOTED_INCLUDE_IN_FRAMEWORK_HEADER = YES;
				CLANG_WARN_RANGE_LOOP_ANALYSIS = YES;
				CLANG_WARN_STRICT_PROTOTYPES = YES;
				CLANG_WARN_SUSPICIOUS_MOVE = YES;
				CLANG_WARN_UNGUARDED_AVAILABILITY = YES_AGGRESSIVE;
				CLANG_WARN_UNREACHABLE_CODE = YES;
				CLANG_WARN__DUPLICATE_METHOD_MATCH = YES;
				COPY_PHASE_STRIP = NO;
				DEAD_CODE_STRIPPING = YES;
				DEBUG_INFORMATION_FORMAT = dwarf;
				DEVELOPMENT_TEAM = JQU2HR44D8;
				ENABLE_STRICT_OBJC_MSGSEND = YES;
				ENABLE_TESTABILITY = YES;
				ENABLE_USER_SCRIPT_SANDBOXING = YES;
				GCC_C_LANGUAGE_STANDARD = gnu17;
				GCC_DYNAMIC_NO_PIC = NO;
				GCC_NO_COMMON_BLOCKS = YES;
				GCC_OPTIMIZATION_LEVEL = 0;
				GCC_PREPROCESSOR_DEFINITIONS = (
					"DEBUG=1",
					"$(inherited)",
				);
				GCC_WARN_64_TO_32_BIT_CONVERSION = YES;
				GCC_WARN_ABOUT_RETURN_TYPE = YES_ERROR;
				GCC_WARN_UNDECLARED_SELECTOR = YES;
				GCC_WARN_UNINITIALIZED_AUTOS = YES_AGGRESSIVE;
				GCC_WARN_UNUSED_FUNCTION = YES;
				GCC_WARN_UNUSED_VARIABLE = YES;
				LOCALIZATION_PREFERS_STRING_CATALOGS = YES;
				MACOSX_DEPLOYMENT_TARGET = 26.0;
				MTL_ENABLE_DEBUG_INFO = INCLUDE_SOURCE;
				MTL_FAST_MATH = YES;
				ONLY_ACTIVE_ARCH = YES;
				SDKROOT = macosx;
				STRING_CATALOG_GENERATE_SYMBOLS = YES;
				SWIFT_ACTIVE_COMPILATION_CONDITIONS = "DEBUG $(inherited)";
				SWIFT_OPTIMIZATION_LEVEL = "-Onone";
				SWIFT_VERSION = 6.0;
			};
			name = Debug;
		};
		0ADF949F2E78B95300E993F8 /* Release */ = {
			isa = XCBuildConfiguration;
			buildSettings = {
				ALWAYS_SEARCH_USER_PATHS = NO;
				ASSETCATALOG_COMPILER_GENERATE_SWIFT_ASSET_SYMBOL_EXTENSIONS = YES;
				CLANG_ANALYZER_NONNULL = YES;
				CLANG_ANALYZER_NUMBER_OBJECT_CONVERSION = YES_AGGRESSIVE;
				CLANG_CXX_LANGUAGE_STANDARD = "gnu++20";
				CLANG_ENABLE_MODULES = YES;
				CLANG_ENABLE_OBJC_ARC = YES;
				CLANG_ENABLE_OBJC_WEAK = YES;
				CLANG_WARN_BLOCK_CAPTURE_AUTORELEASING = YES;
				CLANG_WARN_BOOL_CONVERSION = YES;
				CLANG_WARN_COMMA = YES;
				CLANG_WARN_CONSTANT_CONVERSION = YES;
				CLANG_WARN_DEPRECATED_OBJC_IMPLEMENTATIONS = YES;
				CLANG_WARN_DIRECT_OBJC_ISA_USAGE = YES_ERROR;
				CLANG_WARN_DOCUMENTATION_COMMENTS = YES;
				CLANG_WARN_EMPTY_BODY = YES;
				CLANG_WARN_ENUM_CONVERSION = YES;
				CLANG_WARN_INFINITE_RECURSION = YES;
				CLANG_WARN_INT_CONVERSION = YES;
				CLANG_WARN_NON_LITERAL_NULL_CONVERSION = YES;
				CLANG_WARN_OBJC_IMPLICIT_RETAIN_SELF = YES;
				CLANG_WARN_OBJC_LITERAL_CONVERSION = YES;
				CLANG_WARN_OBJC_ROOT_CLASS = YES_ERROR;
				CLANG_WARN_QUOTED_INCLUDE_IN_FRAMEWORK_HEADER = YES;
				CLANG_WARN_RANGE_LOOP_ANALYSIS = YES;
				CLANG_WARN_STRICT_PROTOTYPES = YES;
				CLANG_WARN_SUSPICIOUS_MOVE = YES;
				CLANG_WARN_UNGUARDED_AVAILABILITY = YES_AGGRESSIVE;
				CLANG_WARN_UNREACHABLE_CODE = YES;
				CLANG_WARN__DUPLICATE_METHOD_MATCH = YES;
				COPY_PHASE_STRIP = NO;
				DEAD_CODE_STRIPPING = YES;
				DEBUG_INFORMATION_FORMAT = "dwarf-with-dsym";
				DEVELOPMENT_TEAM = JQU2HR44D8;
				ENABLE_NS_ASSERTIONS = NO;
				ENABLE_STRICT_OBJC_MSGSEND = YES;
				ENABLE_USER_SCRIPT_SANDBOXING = YES;
				GCC_C_LANGUAGE_STANDARD = gnu17;
				GCC_NO_COMMON_BLOCKS = YES;
				GCC_WARN_64_TO_32_BIT_CONVERSION = YES;
				GCC_WARN_ABOUT_RETURN_TYPE = YES_ERROR;
				GCC_WARN_UNDECLARED_SELECTOR = YES;
				GCC_WARN_UNINITIALIZED_AUTOS = YES_AGGRESSIVE;
				GCC_WARN_UNUSED_FUNCTION = YES;
				GCC_WARN_UNUSED_VARIABLE = YES;
				LOCALIZATION_PREFERS_STRING_CATALOGS = YES;
				MACOSX_DEPLOYMENT_TARGET = 26.0;
				MTL_ENABLE_DEBUG_INFO = NO;
				MTL_FAST_MATH = YES;
				SDKROOT = macosx;
				STRING_CATALOG_GENERATE_SYMBOLS = YES;
				SWIFT_COMPILATION_MODE = wholemodule;
				SWIFT_VERSION = 6.0;
			};
			name = Release;
		};
		0ADF94A12E78B95300E993F8 /* Debug */ = {
			isa = XCBuildConfiguration;
			buildSettings = {
				ASSETCATALOG_COMPILER_APPICON_NAME = AppIcon;
				ASSETCATALOG_COMPILER_GLOBAL_ACCENT_COLOR_NAME = AccentColor;
				ASSETCATALOG_COMPILER_INCLUDE_ALL_APPICON_ASSETS = YES;
				CODE_SIGN_ENTITLEMENTS = Echo/Echo.entitlements;
				"CODE_SIGN_IDENTITY[sdk=macosx*]" = "Apple Development";
				CODE_SIGN_STYLE = Automatic;
				COMBINE_HIDPI_IMAGES = YES;
				CURRENT_PROJECT_VERSION = 1;
				DEAD_CODE_STRIPPING = YES;
				DEVELOPMENT_TEAM = JQU2HR44D8;
				ENABLE_APP_SANDBOX = YES;
				ENABLE_HARDENED_RUNTIME = YES;
				ENABLE_OUTGOING_NETWORK_CONNECTIONS = YES;
				ENABLE_PREVIEWS = YES;
				ENABLE_USER_SELECTED_FILES = readonly;
				GENERATE_INFOPLIST_FILE = YES;
				INFOPLIST_KEY_NSHumanReadableCopyright = "";
				LD_RUNPATH_SEARCH_PATHS = (
					"$(inherited)",
					"@executable_path/../Frameworks",
				);
				MARKETING_VERSION = 1.0;
				PRODUCT_BUNDLE_IDENTIFIER = dk.tippr.echo;
				PRODUCT_NAME = "$(TARGET_NAME)";
				REGISTER_APP_GROUPS = YES;
				SDKROOT = macosx;
				STRING_CATALOG_GENERATE_SYMBOLS = YES;
				SUPPORTED_PLATFORMS = macosx;
				SUPPORTS_MACCATALYST = NO;
				SWIFT_APPROACHABLE_CONCURRENCY = YES;
				SWIFT_DEFAULT_ACTOR_ISOLATION = nonisolated;
				SWIFT_EMIT_LOC_STRINGS = YES;
				SWIFT_UPCOMING_FEATURE_MEMBER_IMPORT_VISIBILITY = YES;
				SWIFT_VERSION = 6.0;
			};
			name = Debug;
		};
		0ADF94A22E78B95300E993F8 /* Release */ = {
			isa = XCBuildConfiguration;
			buildSettings = {
				ASSETCATALOG_COMPILER_APPICON_NAME = AppIcon;
				ASSETCATALOG_COMPILER_GLOBAL_ACCENT_COLOR_NAME = AccentColor;
				ASSETCATALOG_COMPILER_INCLUDE_ALL_APPICON_ASSETS = YES;
				CODE_SIGN_ENTITLEMENTS = Echo/Echo.entitlements;
				"CODE_SIGN_IDENTITY[sdk=macosx*]" = "Apple Development";
				CODE_SIGN_STYLE = Automatic;
				COMBINE_HIDPI_IMAGES = YES;
				CURRENT_PROJECT_VERSION = 1;
				DEAD_CODE_STRIPPING = YES;
				DEVELOPMENT_TEAM = JQU2HR44D8;
				ENABLE_APP_SANDBOX = YES;
				ENABLE_HARDENED_RUNTIME = YES;
				ENABLE_OUTGOING_NETWORK_CONNECTIONS = YES;
				ENABLE_PREVIEWS = YES;
				ENABLE_USER_SELECTED_FILES = readonly;
				GENERATE_INFOPLIST_FILE = YES;
				INFOPLIST_KEY_NSHumanReadableCopyright = "";
				LD_RUNPATH_SEARCH_PATHS = (
					"$(inherited)",
					"@executable_path/../Frameworks",
				);
				MARKETING_VERSION = 1.0;
				PRODUCT_BUNDLE_IDENTIFIER = dk.tippr.echo;
				PRODUCT_NAME = "$(TARGET_NAME)";
				REGISTER_APP_GROUPS = YES;
				SDKROOT = macosx;
				STRING_CATALOG_GENERATE_SYMBOLS = YES;
				SUPPORTED_PLATFORMS = macosx;
				SUPPORTS_MACCATALYST = NO;
				SWIFT_APPROACHABLE_CONCURRENCY = YES;
				SWIFT_DEFAULT_ACTOR_ISOLATION = nonisolated;
				SWIFT_EMIT_LOC_STRINGS = YES;
				SWIFT_UPCOMING_FEATURE_MEMBER_IMPORT_VISIBILITY = YES;
				SWIFT_VERSION = 6.0;
			};
			name = Release;
		};
		1BC3C63337E74F2C8B7E582C /* Release */ = {
			isa = XCBuildConfiguration;
			buildSettings = {
				BUNDLE_LOADER = "$(TEST_HOST)";
				CODE_SIGN_STYLE = Automatic;
				CURRENT_PROJECT_VERSION = 1;
				DEAD_CODE_STRIPPING = YES;
				DEVELOPMENT_TEAM = JQU2HR44D8;
				GENERATE_INFOPLIST_FILE = YES;
				LD_RUNPATH_SEARCH_PATHS = (
					"$(inherited)",
					"@executable_path/../Frameworks",
					"@loader_path/../Frameworks",
				);
				MACOSX_DEPLOYMENT_TARGET = 26.0;
				MARKETING_VERSION = 1.0;
				PRODUCT_BUNDLE_IDENTIFIER = dk.tippr.echoTests;
				PRODUCT_NAME = "$(TARGET_NAME)";
				SUPPORTED_PLATFORMS = macosx;
				SUPPORTS_MACCATALYST = NO;
				SWIFT_VERSION = 5.0;
				TEST_HOST = "$(BUILT_PRODUCTS_DIR)/Echo.app/Contents/MacOS/Echo";
			};
			name = Release;
		};
		5D6CF13DFE6449D7811660D9 /* Release */ = {
			isa = XCBuildConfiguration;
			buildSettings = {
				CODE_SIGN_STYLE = Automatic;
				CURRENT_PROJECT_VERSION = 1;
				DEAD_CODE_STRIPPING = YES;
				DEVELOPMENT_TEAM = JQU2HR44D8;
				GENERATE_INFOPLIST_FILE = YES;
				LD_RUNPATH_SEARCH_PATHS = (
					"$(inherited)",
					"@executable_path/../Frameworks",
				);
				MACOSX_DEPLOYMENT_TARGET = 26.0;
				MARKETING_VERSION = 1.0;
				PRODUCT_BUNDLE_IDENTIFIER = dk.tippr.echoUITests;
				PRODUCT_NAME = "$(TARGET_NAME)";
				SUPPORTED_PLATFORMS = macosx;
				SUPPORTS_MACCATALYST = NO;
				SWIFT_VERSION = 5.0;
				TEST_TARGET_NAME = Echo;
			};
			name = Release;
		};
		63DF32C187F24978BB339CF0 /* Debug */ = {
			isa = XCBuildConfiguration;
			buildSettings = {
				CODE_SIGN_STYLE = Automatic;
				CURRENT_PROJECT_VERSION = 1;
				DEAD_CODE_STRIPPING = YES;
				DEVELOPMENT_TEAM = JQU2HR44D8;
				GENERATE_INFOPLIST_FILE = YES;
				LD_RUNPATH_SEARCH_PATHS = (
					"$(inherited)",
					"@executable_path/../Frameworks",
				);
				MACOSX_DEPLOYMENT_TARGET = 26.0;
				MARKETING_VERSION = 1.0;
				PRODUCT_BUNDLE_IDENTIFIER = dk.tippr.echoUITests;
				PRODUCT_NAME = "$(TARGET_NAME)";
				SUPPORTED_PLATFORMS = macosx;
				SUPPORTS_MACCATALYST = NO;
				SWIFT_VERSION = 5.0;
				TEST_TARGET_NAME = Echo;
			};
			name = Debug;
		};
		6454F57C52DB4B608A768E48 /* Debug */ = {
			isa = XCBuildConfiguration;
			buildSettings = {
				BUNDLE_LOADER = "$(TEST_HOST)";
				CODE_SIGN_STYLE = Automatic;
				CURRENT_PROJECT_VERSION = 1;
				DEAD_CODE_STRIPPING = YES;
				DEVELOPMENT_TEAM = JQU2HR44D8;
				GENERATE_INFOPLIST_FILE = YES;
				LD_RUNPATH_SEARCH_PATHS = (
					"$(inherited)",
					"@executable_path/../Frameworks",
					"@loader_path/../Frameworks",
				);
				MACOSX_DEPLOYMENT_TARGET = 26.0;
				MARKETING_VERSION = 1.0;
				PRODUCT_BUNDLE_IDENTIFIER = dk.tippr.echoTests;
				PRODUCT_NAME = "$(TARGET_NAME)";
				SUPPORTED_PLATFORMS = macosx;
				SUPPORTS_MACCATALYST = NO;
				SWIFT_VERSION = 5.0;
				TEST_HOST = "$(BUILT_PRODUCTS_DIR)/Echo.app/Contents/MacOS/Echo";
			};
			name = Debug;
		};
/* End XCBuildConfiguration section */

/* Begin XCConfigurationList section */
		0ADF94902E78B95200E993F8 /* Build configuration list for PBXProject "Echo" */ = {
			isa = XCConfigurationList;
			buildConfigurations = (
				0ADF949E2E78B95300E993F8 /* Debug */,
				0ADF949F2E78B95300E993F8 /* Release */,
			);
			defaultConfigurationIsVisible = 0;
			defaultConfigurationName = Release;
		};
		0ADF94A02E78B95300E993F8 /* Build configuration list for PBXNativeTarget "Echo" */ = {
			isa = XCConfigurationList;
			buildConfigurations = (
				0ADF94A12E78B95300E993F8 /* Debug */,
				0ADF94A22E78B95300E993F8 /* Release */,
			);
			defaultConfigurationIsVisible = 0;
			defaultConfigurationName = Release;
		};
		95F7A9BBC0144F06BDC223E4 /* Build configuration list for PBXNativeTarget "EchoTests" */ = {
			isa = XCConfigurationList;
			buildConfigurations = (
				6454F57C52DB4B608A768E48 /* Debug */,
				1BC3C63337E74F2C8B7E582C /* Release */,
			);
			defaultConfigurationIsVisible = 0;
			defaultConfigurationName = Release;
		};
		E3EA64053AF34068A3DB9DB6 /* Build configuration list for PBXNativeTarget "EchoUITests" */ = {
			isa = XCConfigurationList;
			buildConfigurations = (
				63DF32C187F24978BB339CF0 /* Debug */,
				5D6CF13DFE6449D7811660D9 /* Release */,
			);
			defaultConfigurationIsVisible = 0;
			defaultConfigurationName = Release;
		};
/* End XCConfigurationList section */

/* Begin XCLocalSwiftPackageReference section */
		0A6738302EB80FAC0048CFCB /* XCLocalSwiftPackageReference "../postgres-wire" */ = {
			isa = XCLocalSwiftPackageReference;
			relativePath = "../postgres-wire";
		};
		0A8E319F2EAB923F00C86FF3 /* XCLocalSwiftPackageReference "../sqlserver-nio" */ = {
			isa = XCLocalSwiftPackageReference;
			relativePath = "../sqlserver-nio";
		};
		0C1234502F9ABC0100ABCDE /* XCLocalSwiftPackageReference "../EchoSense" */ = {
			isa = XCLocalSwiftPackageReference;
			relativePath = ../EchoSense;
		};
/* End XCLocalSwiftPackageReference section */

/* Begin XCRemoteSwiftPackageReference section */
		0A79557C2E8F10A9002279AE /* XCRemoteSwiftPackageReference "mysql-nio" */ = {
			isa = XCRemoteSwiftPackageReference;
			repositoryURL = "https://github.com/vapor/mysql-nio.git";
			requirement = {
				kind = upToNextMajorVersion;
				minimumVersion = 1.8.0;
			};
		};
		0ADF94B72E78BAA400E993F8 /* XCRemoteSwiftPackageReference "postgres-nio" */ = {
			isa = XCRemoteSwiftPackageReference;
			repositoryURL = "https://github.com/vapor/postgres-nio.git";
			requirement = {
				kind = upToNextMajorVersion;
				minimumVersion = 1.29.0;
			};
		};
		A98A655C2EAA65CF007AAB86 /* XCRemoteSwiftPackageReference "sqlite-nio" */ = {
			isa = XCRemoteSwiftPackageReference;
			repositoryURL = "https://github.com/vapor/sqlite-nio";
			requirement = {
				kind = upToNextMajorVersion;
				minimumVersion = 1.12.0;
			};
		};
/* End XCRemoteSwiftPackageReference section */

/* Begin XCSwiftPackageProductDependency section */
		0A6738312EB80FAC0048CFCB /* PostgresKit */ = {
			isa = XCSwiftPackageProductDependency;
			productName = PostgresKit;
		};
		0A79557D2E8F10A9002279AE /* MySQLNIO */ = {
			isa = XCSwiftPackageProductDependency;
			package = 0A79557C2E8F10A9002279AE /* XCRemoteSwiftPackageReference "mysql-nio" */;
			productName = MySQLNIO;
		};
		0A8E31A02EAB923F00C86FF3 /* SQLServerKit */ = {
			isa = XCSwiftPackageProductDependency;
			productName = SQLServerKit;
		};
		0AAD2B052EB0049400D16113 /* PostgresKit */ = {
			isa = XCSwiftPackageProductDependency;
			productName = PostgresKit;
		};
		0ADF94B82E78BAA400E993F8 /* PostgresNIO */ = {
			isa = XCSwiftPackageProductDependency;
			package = 0ADF94B72E78BAA400E993F8 /* XCRemoteSwiftPackageReference "postgres-nio" */;
			productName = PostgresNIO;
		};
		0ADF94BA2E78BAA400E993F8 /* _ConnectionPoolModule */ = {
			isa = XCSwiftPackageProductDependency;
			package = 0ADF94B72E78BAA400E993F8 /* XCRemoteSwiftPackageReference "postgres-nio" */;
			productName = _ConnectionPoolModule;
		};
		0ADF94BC2E78BAA400E993F8 /* _ConnectionPoolTestUtils */ = {
			isa = XCSwiftPackageProductDependency;
			package = 0ADF94B72E78BAA400E993F8 /* XCRemoteSwiftPackageReference "postgres-nio" */;
			productName = _ConnectionPoolTestUtils;
		};
		0C1234512F9ABC0100ABCDE /* EchoSense */ = {
			isa = XCSwiftPackageProductDependency;
			package = 0C1234502F9ABC0100ABCDE /* XCLocalSwiftPackageReference "../EchoSense" */;
			productName = EchoSense;
		};
		A98A655D2EAA65CF007AAB86 /* SQLiteNIO */ = {
			isa = XCSwiftPackageProductDependency;
			package = A98A655C2EAA65CF007AAB86 /* XCRemoteSwiftPackageReference "sqlite-nio" */;
			productName = SQLiteNIO;
		};
/* End XCSwiftPackageProductDependency section */
	};
	rootObject = 0ADF948D2E78B95200E993F8 /* Project object */;
}
